// !$*UTF8*$!
{
	archiveVersion = 1;
	classes = {
	};
	objectVersion = 46;
	objects = {

/* Begin PBXBuildFile section */
		249CAD1715EA1F0200FFD0D2 /* DCTOAuthAccountStore.m in Sources */ = {isa = PBXBuildFile; fileRef = 249CAD1615EA1F0200FFD0D2 /* DCTOAuthAccountStore.m */; };
		24FA8FE815E93D8E00E1ED99 /* Foundation.framework in Frameworks */ = {isa = PBXBuildFile; fileRef = 24FA8FE715E93D8E00E1ED99 /* Foundation.framework */; };
		24FA8FED15E93D8E00E1ED99 /* DCTOAuth.h in CopyFiles */ = {isa = PBXBuildFile; fileRef = 24FA8FEC15E93D8E00E1ED99 /* DCTOAuth.h */; };
		24FA8FF715E93D8E00E1ED99 /* SenTestingKit.framework in Frameworks */ = {isa = PBXBuildFile; fileRef = 24FA8FF615E93D8E00E1ED99 /* SenTestingKit.framework */; };
		24FA8FF915E93D8E00E1ED99 /* UIKit.framework in Frameworks */ = {isa = PBXBuildFile; fileRef = 24FA8FF815E93D8E00E1ED99 /* UIKit.framework */; };
		24FA8FFA15E93D8E00E1ED99 /* Foundation.framework in Frameworks */ = {isa = PBXBuildFile; fileRef = 24FA8FE715E93D8E00E1ED99 /* Foundation.framework */; };
		24FA8FFD15E93D8E00E1ED99 /* libDCTOAuth.a in Frameworks */ = {isa = PBXBuildFile; fileRef = 24FA8FE415E93D8E00E1ED99 /* libDCTOAuth.a */; };
		24FA900315E93D8E00E1ED99 /* InfoPlist.strings in Resources */ = {isa = PBXBuildFile; fileRef = 24FA900115E93D8E00E1ED99 /* InfoPlist.strings */; };
		24FA900615E93D8E00E1ED99 /* DCTOAuthTests.m in Sources */ = {isa = PBXBuildFile; fileRef = 24FA900515E93D8E00E1ED99 /* DCTOAuthTests.m */; };
		24FA901515E93E0200E1ED99 /* UIKit.framework in Frameworks */ = {isa = PBXBuildFile; fileRef = 24FA8FF815E93D8E00E1ED99 /* UIKit.framework */; };
		24FA901615E93E0200E1ED99 /* Foundation.framework in Frameworks */ = {isa = PBXBuildFile; fileRef = 24FA8FE715E93D8E00E1ED99 /* Foundation.framework */; };
		24FA901815E93E0200E1ED99 /* CoreGraphics.framework in Frameworks */ = {isa = PBXBuildFile; fileRef = 24FA901715E93E0200E1ED99 /* CoreGraphics.framework */; };
		24FA901E15E93E0200E1ED99 /* InfoPlist.strings in Resources */ = {isa = PBXBuildFile; fileRef = 24FA901C15E93E0200E1ED99 /* InfoPlist.strings */; };
		24FA902015E93E0200E1ED99 /* main.m in Sources */ = {isa = PBXBuildFile; fileRef = 24FA901F15E93E0200E1ED99 /* main.m */; };
		24FA902415E93E0200E1ED99 /* AppDelegate.m in Sources */ = {isa = PBXBuildFile; fileRef = 24FA902315E93E0200E1ED99 /* AppDelegate.m */; };
		24FA903415E93E1F00E1ED99 /* DCTOAuthAccount.m in Sources */ = {isa = PBXBuildFile; fileRef = 24FA902915E93E1F00E1ED99 /* DCTOAuthAccount.m */; };
		24FA903515E93E1F00E1ED99 /* DCTOAuthRequest.m in Sources */ = {isa = PBXBuildFile; fileRef = 24FA902B15E93E1F00E1ED99 /* DCTOAuthRequest.m */; };
		24FA903615E93E1F00E1ED99 /* DCTOAuthRequestMethod.m in Sources */ = {isa = PBXBuildFile; fileRef = 24FA902D15E93E1F00E1ED99 /* DCTOAuthRequestMethod.m */; };
		24FA903715E93E1F00E1ED99 /* DCTOAuthSignature.m in Sources */ = {isa = PBXBuildFile; fileRef = 24FA902F15E93E1F00E1ED99 /* DCTOAuthSignature.m */; };
		24FA903815E93E1F00E1ED99 /* DCTOAuthURLProtocol.m in Sources */ = {isa = PBXBuildFile; fileRef = 24FA903115E93E1F00E1ED99 /* DCTOAuthURLProtocol.m */; };
		24FA903915E93E1F00E1ED99 /* NSString+DCTOAuthController.m in Sources */ = {isa = PBXBuildFile; fileRef = 24FA903315E93E1F00E1ED99 /* NSString+DCTOAuthController.m */; };
		24FA903D15E93E2C00E1ED99 /* OAuthTestViewController.m in Sources */ = {isa = PBXBuildFile; fileRef = 24FA903B15E93E2C00E1ED99 /* OAuthTestViewController.m */; };
		24FA903E15E93E2C00E1ED99 /* OAuthTestViewController.xib in Resources */ = {isa = PBXBuildFile; fileRef = 24FA903C15E93E2C00E1ED99 /* OAuthTestViewController.xib */; };
		24FA903F15E93E5D00E1ED99 /* libDCTOAuth.a in Frameworks */ = {isa = PBXBuildFile; fileRef = 24FA8FE415E93D8E00E1ED99 /* libDCTOAuth.a */; };
		24FA904115E93E6C00E1ED99 /* libresolv.dylib in Frameworks */ = {isa = PBXBuildFile; fileRef = 24FA904015E93E6C00E1ED99 /* libresolv.dylib */; };
		24FA904815E9402800E1ED99 /* DCTOAuthVersion.m in Sources */ = {isa = PBXBuildFile; fileRef = 24FA904715E9402800E1ED99 /* DCTOAuthVersion.m */; };
		24FA904A15E940BA00E1ED99 /* DCTOAuthRequest.h in CopyFiles */ = {isa = PBXBuildFile; fileRef = 24FA902A15E93E1F00E1ED99 /* DCTOAuthRequest.h */; };
		24FA904B15E940BC00E1ED99 /* DCTOAuthAccount.h in CopyFiles */ = {isa = PBXBuildFile; fileRef = 24FA902815E93E1F00E1ED99 /* DCTOAuthAccount.h */; };
		24FA904C15E940BE00E1ED99 /* DCTOAuthRequestMethod.h in CopyFiles */ = {isa = PBXBuildFile; fileRef = 24FA902C15E93E1F00E1ED99 /* DCTOAuthRequestMethod.h */; };
		24FA904D15E940C100E1ED99 /* DCTOAuthVersion.h in CopyFiles */ = {isa = PBXBuildFile; fileRef = 24FA904615E9402800E1ED99 /* DCTOAuthVersion.h */; };
/* End PBXBuildFile section */

/* Begin PBXContainerItemProxy section */
		24FA8FFB15E93D8E00E1ED99 /* PBXContainerItemProxy */ = {
			isa = PBXContainerItemProxy;
			containerPortal = 24FA8FDB15E93D8E00E1ED99 /* Project object */;
			proxyType = 1;
			remoteGlobalIDString = 24FA8FE315E93D8E00E1ED99;
			remoteInfo = DCTOAuth;
		};
/* End PBXContainerItemProxy section */

/* Begin PBXCopyFilesBuildPhase section */
		24FA8FE215E93D8E00E1ED99 /* CopyFiles */ = {
			isa = PBXCopyFilesBuildPhase;
			buildActionMask = 2147483647;
			dstPath = "include/${PRODUCT_NAME}";
			dstSubfolderSpec = 16;
			files = (
				24FA8FED15E93D8E00E1ED99 /* DCTOAuth.h in CopyFiles */,
				24FA904D15E940C100E1ED99 /* DCTOAuthVersion.h in CopyFiles */,
				24FA904A15E940BA00E1ED99 /* DCTOAuthRequest.h in CopyFiles */,
				24FA904C15E940BE00E1ED99 /* DCTOAuthRequestMethod.h in CopyFiles */,
				24FA904B15E940BC00E1ED99 /* DCTOAuthAccount.h in CopyFiles */,
			);
			runOnlyForDeploymentPostprocessing = 0;
		};
/* End PBXCopyFilesBuildPhase section */

/* Begin PBXFileReference section */
		249CAD1515EA1F0200FFD0D2 /* DCTOAuthAccountStore.h */ = {isa = PBXFileReference; fileEncoding = 4; lastKnownFileType = sourcecode.c.h; path = DCTOAuthAccountStore.h; sourceTree = "<group>"; };
		249CAD1615EA1F0200FFD0D2 /* DCTOAuthAccountStore.m */ = {isa = PBXFileReference; fileEncoding = 4; lastKnownFileType = sourcecode.c.objc; path = DCTOAuthAccountStore.m; sourceTree = "<group>"; };
		24FA8FE415E93D8E00E1ED99 /* libDCTOAuth.a */ = {isa = PBXFileReference; explicitFileType = archive.ar; includeInIndex = 0; path = libDCTOAuth.a; sourceTree = BUILT_PRODUCTS_DIR; };
		24FA8FE715E93D8E00E1ED99 /* Foundation.framework */ = {isa = PBXFileReference; lastKnownFileType = wrapper.framework; name = Foundation.framework; path = System/Library/Frameworks/Foundation.framework; sourceTree = SDKROOT; };
		24FA8FEB15E93D8E00E1ED99 /* DCTOAuth-Prefix.pch */ = {isa = PBXFileReference; lastKnownFileType = sourcecode.c.h; path = "DCTOAuth-Prefix.pch"; sourceTree = "<group>"; };
		24FA8FEC15E93D8E00E1ED99 /* DCTOAuth.h */ = {isa = PBXFileReference; lastKnownFileType = sourcecode.c.h; path = DCTOAuth.h; sourceTree = "<group>"; };
		24FA8FF515E93D8E00E1ED99 /* DCTOAuthTests.octest */ = {isa = PBXFileReference; explicitFileType = wrapper.cfbundle; includeInIndex = 0; path = DCTOAuthTests.octest; sourceTree = BUILT_PRODUCTS_DIR; };
		24FA8FF615E93D8E00E1ED99 /* SenTestingKit.framework */ = {isa = PBXFileReference; lastKnownFileType = wrapper.framework; name = SenTestingKit.framework; path = Library/Frameworks/SenTestingKit.framework; sourceTree = DEVELOPER_DIR; };
		24FA8FF815E93D8E00E1ED99 /* UIKit.framework */ = {isa = PBXFileReference; lastKnownFileType = wrapper.framework; name = UIKit.framework; path = Library/Frameworks/UIKit.framework; sourceTree = DEVELOPER_DIR; };
		24FA900015E93D8E00E1ED99 /* DCTOAuthTests-Info.plist */ = {isa = PBXFileReference; lastKnownFileType = text.plist.xml; path = "DCTOAuthTests-Info.plist"; sourceTree = "<group>"; };
		24FA900215E93D8E00E1ED99 /* en */ = {isa = PBXFileReference; lastKnownFileType = text.plist.strings; name = en; path = en.lproj/InfoPlist.strings; sourceTree = "<group>"; };
		24FA900415E93D8E00E1ED99 /* DCTOAuthTests.h */ = {isa = PBXFileReference; lastKnownFileType = sourcecode.c.h; path = DCTOAuthTests.h; sourceTree = "<group>"; };
		24FA900515E93D8E00E1ED99 /* DCTOAuthTests.m */ = {isa = PBXFileReference; lastKnownFileType = sourcecode.c.objc; path = DCTOAuthTests.m; sourceTree = "<group>"; };
		24FA901315E93E0200E1ED99 /* DCTOAuth Demo.app */ = {isa = PBXFileReference; explicitFileType = wrapper.application; includeInIndex = 0; path = "DCTOAuth Demo.app"; sourceTree = BUILT_PRODUCTS_DIR; };
		24FA901715E93E0200E1ED99 /* CoreGraphics.framework */ = {isa = PBXFileReference; lastKnownFileType = wrapper.framework; name = CoreGraphics.framework; path = System/Library/Frameworks/CoreGraphics.framework; sourceTree = SDKROOT; };
		24FA901B15E93E0200E1ED99 /* DCTOAuth Demo-Info.plist */ = {isa = PBXFileReference; lastKnownFileType = text.plist.xml; path = "DCTOAuth Demo-Info.plist"; sourceTree = "<group>"; };
		24FA901D15E93E0200E1ED99 /* en */ = {isa = PBXFileReference; lastKnownFileType = text.plist.strings; name = en; path = en.lproj/InfoPlist.strings; sourceTree = "<group>"; };
		24FA901F15E93E0200E1ED99 /* main.m */ = {isa = PBXFileReference; lastKnownFileType = sourcecode.c.objc; path = main.m; sourceTree = "<group>"; };
		24FA902115E93E0200E1ED99 /* DCTOAuth Demo-Prefix.pch */ = {isa = PBXFileReference; lastKnownFileType = sourcecode.c.h; path = "DCTOAuth Demo-Prefix.pch"; sourceTree = "<group>"; };
		24FA902215E93E0200E1ED99 /* AppDelegate.h */ = {isa = PBXFileReference; lastKnownFileType = sourcecode.c.h; path = AppDelegate.h; sourceTree = "<group>"; };
		24FA902315E93E0200E1ED99 /* AppDelegate.m */ = {isa = PBXFileReference; lastKnownFileType = sourcecode.c.objc; path = AppDelegate.m; sourceTree = "<group>"; };
		24FA902815E93E1F00E1ED99 /* DCTOAuthAccount.h */ = {isa = PBXFileReference; fileEncoding = 4; lastKnownFileType = sourcecode.c.h; path = DCTOAuthAccount.h; sourceTree = "<group>"; };
		24FA902915E93E1F00E1ED99 /* DCTOAuthAccount.m */ = {isa = PBXFileReference; fileEncoding = 4; lastKnownFileType = sourcecode.c.objc; path = DCTOAuthAccount.m; sourceTree = "<group>"; };
		24FA902A15E93E1F00E1ED99 /* DCTOAuthRequest.h */ = {isa = PBXFileReference; fileEncoding = 4; lastKnownFileType = sourcecode.c.h; path = DCTOAuthRequest.h; sourceTree = "<group>"; };
		24FA902B15E93E1F00E1ED99 /* DCTOAuthRequest.m */ = {isa = PBXFileReference; fileEncoding = 4; lastKnownFileType = sourcecode.c.objc; path = DCTOAuthRequest.m; sourceTree = "<group>"; };
		24FA902C15E93E1F00E1ED99 /* DCTOAuthRequestMethod.h */ = {isa = PBXFileReference; fileEncoding = 4; lastKnownFileType = sourcecode.c.h; path = DCTOAuthRequestMethod.h; sourceTree = "<group>"; };
		24FA902D15E93E1F00E1ED99 /* DCTOAuthRequestMethod.m */ = {isa = PBXFileReference; fileEncoding = 4; lastKnownFileType = sourcecode.c.objc; path = DCTOAuthRequestMethod.m; sourceTree = "<group>"; };
		24FA902E15E93E1F00E1ED99 /* DCTOAuthSignature.h */ = {isa = PBXFileReference; fileEncoding = 4; lastKnownFileType = sourcecode.c.h; path = DCTOAuthSignature.h; sourceTree = "<group>"; };
		24FA902F15E93E1F00E1ED99 /* DCTOAuthSignature.m */ = {isa = PBXFileReference; fileEncoding = 4; lastKnownFileType = sourcecode.c.objc; path = DCTOAuthSignature.m; sourceTree = "<group>"; };
		24FA903015E93E1F00E1ED99 /* DCTOAuthURLProtocol.h */ = {isa = PBXFileReference; fileEncoding = 4; lastKnownFileType = sourcecode.c.h; path = DCTOAuthURLProtocol.h; sourceTree = "<group>"; };
		24FA903115E93E1F00E1ED99 /* DCTOAuthURLProtocol.m */ = {isa = PBXFileReference; fileEncoding = 4; lastKnownFileType = sourcecode.c.objc; path = DCTOAuthURLProtocol.m; sourceTree = "<group>"; };
		24FA903215E93E1F00E1ED99 /* NSString+DCTOAuthController.h */ = {isa = PBXFileReference; fileEncoding = 4; lastKnownFileType = sourcecode.c.h; path = "NSString+DCTOAuthController.h"; sourceTree = "<group>"; };
		24FA903315E93E1F00E1ED99 /* NSString+DCTOAuthController.m */ = {isa = PBXFileReference; fileEncoding = 4; lastKnownFileType = sourcecode.c.objc; path = "NSString+DCTOAuthController.m"; sourceTree = "<group>"; };
		24FA903A15E93E2C00E1ED99 /* OAuthTestViewController.h */ = {isa = PBXFileReference; fileEncoding = 4; lastKnownFileType = sourcecode.c.h; path = OAuthTestViewController.h; sourceTree = "<group>"; };
		24FA903B15E93E2C00E1ED99 /* OAuthTestViewController.m */ = {isa = PBXFileReference; fileEncoding = 4; lastKnownFileType = sourcecode.c.objc; path = OAuthTestViewController.m; sourceTree = "<group>"; };
		24FA903C15E93E2C00E1ED99 /* OAuthTestViewController.xib */ = {isa = PBXFileReference; fileEncoding = 4; lastKnownFileType = file.xib; path = OAuthTestViewController.xib; sourceTree = "<group>"; };
		24FA904015E93E6C00E1ED99 /* libresolv.dylib */ = {isa = PBXFileReference; lastKnownFileType = "compiled.mach-o.dylib"; name = libresolv.dylib; path = usr/lib/libresolv.dylib; sourceTree = SDKROOT; };
		24FA904615E9402800E1ED99 /* DCTOAuthVersion.h */ = {isa = PBXFileReference; fileEncoding = 4; lastKnownFileType = sourcecode.c.h; path = DCTOAuthVersion.h; sourceTree = "<group>"; };
		24FA904715E9402800E1ED99 /* DCTOAuthVersion.m */ = {isa = PBXFileReference; fileEncoding = 4; lastKnownFileType = sourcecode.c.objc; path = DCTOAuthVersion.m; sourceTree = "<group>"; };
/* End PBXFileReference section */

/* Begin PBXFrameworksBuildPhase section */
		24FA8FE115E93D8E00E1ED99 /* Frameworks */ = {
			isa = PBXFrameworksBuildPhase;
			buildActionMask = 2147483647;
			files = (
				24FA8FE815E93D8E00E1ED99 /* Foundation.framework in Frameworks */,
			);
			runOnlyForDeploymentPostprocessing = 0;
		};
		24FA8FF115E93D8E00E1ED99 /* Frameworks */ = {
			isa = PBXFrameworksBuildPhase;
			buildActionMask = 2147483647;
			files = (
				24FA8FF715E93D8E00E1ED99 /* SenTestingKit.framework in Frameworks */,
				24FA8FF915E93D8E00E1ED99 /* UIKit.framework in Frameworks */,
				24FA8FFA15E93D8E00E1ED99 /* Foundation.framework in Frameworks */,
				24FA8FFD15E93D8E00E1ED99 /* libDCTOAuth.a in Frameworks */,
			);
			runOnlyForDeploymentPostprocessing = 0;
		};
		24FA901015E93E0200E1ED99 /* Frameworks */ = {
			isa = PBXFrameworksBuildPhase;
			buildActionMask = 2147483647;
			files = (
				24FA904115E93E6C00E1ED99 /* libresolv.dylib in Frameworks */,
				24FA903F15E93E5D00E1ED99 /* libDCTOAuth.a in Frameworks */,
				24FA901515E93E0200E1ED99 /* UIKit.framework in Frameworks */,
				24FA901615E93E0200E1ED99 /* Foundation.framework in Frameworks */,
				24FA901815E93E0200E1ED99 /* CoreGraphics.framework in Frameworks */,
			);
			runOnlyForDeploymentPostprocessing = 0;
		};
/* End PBXFrameworksBuildPhase section */

/* Begin PBXGroup section */
		24FA8FD915E93D8E00E1ED99 = {
			isa = PBXGroup;
			children = (
				24FA8FE915E93D8E00E1ED99 /* DCTOAuth */,
				24FA8FFE15E93D8E00E1ED99 /* DCTOAuthTests */,
				24FA901915E93E0200E1ED99 /* DCTOAuth Demo */,
				24FA8FE615E93D8E00E1ED99 /* Frameworks */,
				24FA8FE515E93D8E00E1ED99 /* Products */,
			);
			sourceTree = "<group>";
		};
		24FA8FE515E93D8E00E1ED99 /* Products */ = {
			isa = PBXGroup;
			children = (
				24FA8FE415E93D8E00E1ED99 /* libDCTOAuth.a */,
				24FA8FF515E93D8E00E1ED99 /* DCTOAuthTests.octest */,
				24FA901315E93E0200E1ED99 /* DCTOAuth Demo.app */,
			);
			name = Products;
			sourceTree = "<group>";
		};
		24FA8FE615E93D8E00E1ED99 /* Frameworks */ = {
			isa = PBXGroup;
			children = (
				24FA904015E93E6C00E1ED99 /* libresolv.dylib */,
				24FA8FE715E93D8E00E1ED99 /* Foundation.framework */,
				24FA8FF615E93D8E00E1ED99 /* SenTestingKit.framework */,
				24FA8FF815E93D8E00E1ED99 /* UIKit.framework */,
				24FA901715E93E0200E1ED99 /* CoreGraphics.framework */,
			);
			name = Frameworks;
			sourceTree = "<group>";
		};
		24FA8FE915E93D8E00E1ED99 /* DCTOAuth */ = {
			isa = PBXGroup;
			children = (
				24FA8FEC15E93D8E00E1ED99 /* DCTOAuth.h */,
				24FA902815E93E1F00E1ED99 /* DCTOAuthAccount.h */,
				24FA902915E93E1F00E1ED99 /* DCTOAuthAccount.m */,
				249CAD1515EA1F0200FFD0D2 /* DCTOAuthAccountStore.h */,
				249CAD1615EA1F0200FFD0D2 /* DCTOAuthAccountStore.m */,
				24FA902A15E93E1F00E1ED99 /* DCTOAuthRequest.h */,
				24FA902B15E93E1F00E1ED99 /* DCTOAuthRequest.m */,
				24FA902C15E93E1F00E1ED99 /* DCTOAuthRequestMethod.h */,
				24FA902D15E93E1F00E1ED99 /* DCTOAuthRequestMethod.m */,
				24FA904615E9402800E1ED99 /* DCTOAuthVersion.h */,
				24FA904715E9402800E1ED99 /* DCTOAuthVersion.m */,
				24FA902E15E93E1F00E1ED99 /* DCTOAuthSignature.h */,
				24FA902F15E93E1F00E1ED99 /* DCTOAuthSignature.m */,
				24FA903015E93E1F00E1ED99 /* DCTOAuthURLProtocol.h */,
				24FA903115E93E1F00E1ED99 /* DCTOAuthURLProtocol.m */,
				24FA903215E93E1F00E1ED99 /* NSString+DCTOAuthController.h */,
				24FA903315E93E1F00E1ED99 /* NSString+DCTOAuthController.m */,
				24FA8FEA15E93D8E00E1ED99 /* Supporting Files */,
			);
			path = DCTOAuth;
			sourceTree = "<group>";
		};
		24FA8FEA15E93D8E00E1ED99 /* Supporting Files */ = {
			isa = PBXGroup;
			children = (
				24FA8FEB15E93D8E00E1ED99 /* DCTOAuth-Prefix.pch */,
			);
			name = "Supporting Files";
			sourceTree = "<group>";
		};
		24FA8FFE15E93D8E00E1ED99 /* DCTOAuthTests */ = {
			isa = PBXGroup;
			children = (
				24FA900415E93D8E00E1ED99 /* DCTOAuthTests.h */,
				24FA900515E93D8E00E1ED99 /* DCTOAuthTests.m */,
				24FA8FFF15E93D8E00E1ED99 /* Supporting Files */,
			);
			path = DCTOAuthTests;
			sourceTree = "<group>";
		};
		24FA8FFF15E93D8E00E1ED99 /* Supporting Files */ = {
			isa = PBXGroup;
			children = (
				24FA900015E93D8E00E1ED99 /* DCTOAuthTests-Info.plist */,
				24FA900115E93D8E00E1ED99 /* InfoPlist.strings */,
			);
			name = "Supporting Files";
			sourceTree = "<group>";
		};
		24FA901915E93E0200E1ED99 /* DCTOAuth Demo */ = {
			isa = PBXGroup;
			children = (
				24FA902215E93E0200E1ED99 /* AppDelegate.h */,
				24FA902315E93E0200E1ED99 /* AppDelegate.m */,
				24FA903A15E93E2C00E1ED99 /* OAuthTestViewController.h */,
				24FA903B15E93E2C00E1ED99 /* OAuthTestViewController.m */,
				24FA903C15E93E2C00E1ED99 /* OAuthTestViewController.xib */,
				24FA901A15E93E0200E1ED99 /* Supporting Files */,
			);
			path = "DCTOAuth Demo";
			sourceTree = "<group>";
		};
		24FA901A15E93E0200E1ED99 /* Supporting Files */ = {
			isa = PBXGroup;
			children = (
				24FA901B15E93E0200E1ED99 /* DCTOAuth Demo-Info.plist */,
				24FA901C15E93E0200E1ED99 /* InfoPlist.strings */,
				24FA901F15E93E0200E1ED99 /* main.m */,
				24FA902115E93E0200E1ED99 /* DCTOAuth Demo-Prefix.pch */,
			);
			name = "Supporting Files";
			sourceTree = "<group>";
		};
/* End PBXGroup section */

/* Begin PBXNativeTarget section */
		24FA8FE315E93D8E00E1ED99 /* DCTOAuth */ = {
			isa = PBXNativeTarget;
			buildConfigurationList = 24FA900915E93D8E00E1ED99 /* Build configuration list for PBXNativeTarget "DCTOAuth" */;
			buildPhases = (
				24FA8FE015E93D8E00E1ED99 /* Sources */,
				24FA8FE115E93D8E00E1ED99 /* Frameworks */,
				24FA8FE215E93D8E00E1ED99 /* CopyFiles */,
			);
			buildRules = (
			);
			dependencies = (
			);
			name = DCTOAuth;
			productName = DCTOAuth;
			productReference = 24FA8FE415E93D8E00E1ED99 /* libDCTOAuth.a */;
			productType = "com.apple.product-type.library.static";
		};
		24FA8FF415E93D8E00E1ED99 /* DCTOAuthTests */ = {
			isa = PBXNativeTarget;
			buildConfigurationList = 24FA900C15E93D8E00E1ED99 /* Build configuration list for PBXNativeTarget "DCTOAuthTests" */;
			buildPhases = (
				24FA8FF015E93D8E00E1ED99 /* Sources */,
				24FA8FF115E93D8E00E1ED99 /* Frameworks */,
				24FA8FF215E93D8E00E1ED99 /* Resources */,
				24FA8FF315E93D8E00E1ED99 /* ShellScript */,
			);
			buildRules = (
			);
			dependencies = (
				24FA8FFC15E93D8E00E1ED99 /* PBXTargetDependency */,
			);
			name = DCTOAuthTests;
			productName = DCTOAuthTests;
			productReference = 24FA8FF515E93D8E00E1ED99 /* DCTOAuthTests.octest */;
			productType = "com.apple.product-type.bundle";
		};
		24FA901215E93E0200E1ED99 /* DCTOAuth Demo */ = {
			isa = PBXNativeTarget;
			buildConfigurationList = 24FA902515E93E0200E1ED99 /* Build configuration list for PBXNativeTarget "DCTOAuth Demo" */;
			buildPhases = (
				24FA900F15E93E0200E1ED99 /* Sources */,
				24FA901015E93E0200E1ED99 /* Frameworks */,
				24FA901115E93E0200E1ED99 /* Resources */,
			);
			buildRules = (
			);
			dependencies = (
			);
			name = "DCTOAuth Demo";
			productName = "DCTOAuth Demo";
			productReference = 24FA901315E93E0200E1ED99 /* DCTOAuth Demo.app */;
			productType = "com.apple.product-type.application";
		};
/* End PBXNativeTarget section */

/* Begin PBXProject section */
		24FA8FDB15E93D8E00E1ED99 /* Project object */ = {
			isa = PBXProject;
			attributes = {
				LastUpgradeCheck = 0440;
				ORGANIZATIONNAME = "Daniel Tull";
			};
			buildConfigurationList = 24FA8FDE15E93D8E00E1ED99 /* Build configuration list for PBXProject "DCTOAuth" */;
			compatibilityVersion = "Xcode 3.2";
			developmentRegion = English;
			hasScannedForEncodings = 0;
			knownRegions = (
				en,
			);
			mainGroup = 24FA8FD915E93D8E00E1ED99;
			productRefGroup = 24FA8FE515E93D8E00E1ED99 /* Products */;
			projectDirPath = "";
			projectRoot = "";
			targets = (
				24FA8FE315E93D8E00E1ED99 /* DCTOAuth */,
				24FA8FF415E93D8E00E1ED99 /* DCTOAuthTests */,
				24FA901215E93E0200E1ED99 /* DCTOAuth Demo */,
			);
		};
/* End PBXProject section */

/* Begin PBXResourcesBuildPhase section */
		24FA8FF215E93D8E00E1ED99 /* Resources */ = {
			isa = PBXResourcesBuildPhase;
			buildActionMask = 2147483647;
			files = (
				24FA900315E93D8E00E1ED99 /* InfoPlist.strings in Resources */,
			);
			runOnlyForDeploymentPostprocessing = 0;
		};
		24FA901115E93E0200E1ED99 /* Resources */ = {
			isa = PBXResourcesBuildPhase;
			buildActionMask = 2147483647;
			files = (
				24FA901E15E93E0200E1ED99 /* InfoPlist.strings in Resources */,
				24FA903E15E93E2C00E1ED99 /* OAuthTestViewController.xib in Resources */,
			);
			runOnlyForDeploymentPostprocessing = 0;
		};
/* End PBXResourcesBuildPhase section */

/* Begin PBXShellScriptBuildPhase section */
		24FA8FF315E93D8E00E1ED99 /* ShellScript */ = {
			isa = PBXShellScriptBuildPhase;
			buildActionMask = 2147483647;
			files = (
			);
			inputPaths = (
			);
			outputPaths = (
			);
			runOnlyForDeploymentPostprocessing = 0;
			shellPath = /bin/sh;
			shellScript = "# Run the unit tests in this test bundle.\n\"${SYSTEM_DEVELOPER_DIR}/Tools/RunUnitTests\"\n";
		};
/* End PBXShellScriptBuildPhase section */

/* Begin PBXSourcesBuildPhase section */
		24FA8FE015E93D8E00E1ED99 /* Sources */ = {
			isa = PBXSourcesBuildPhase;
			buildActionMask = 2147483647;
			files = (
				24FA903415E93E1F00E1ED99 /* DCTOAuthAccount.m in Sources */,
				24FA903515E93E1F00E1ED99 /* DCTOAuthRequest.m in Sources */,
				24FA903615E93E1F00E1ED99 /* DCTOAuthRequestMethod.m in Sources */,
				24FA903715E93E1F00E1ED99 /* DCTOAuthSignature.m in Sources */,
				24FA903815E93E1F00E1ED99 /* DCTOAuthURLProtocol.m in Sources */,
				24FA903915E93E1F00E1ED99 /* NSString+DCTOAuthController.m in Sources */,
				24FA904815E9402800E1ED99 /* DCTOAuthVersion.m in Sources */,
				249CAD1715EA1F0200FFD0D2 /* DCTOAuthAccountStore.m in Sources */,
			);
			runOnlyForDeploymentPostprocessing = 0;
		};
		24FA8FF015E93D8E00E1ED99 /* Sources */ = {
			isa = PBXSourcesBuildPhase;
			buildActionMask = 2147483647;
			files = (
				24FA900615E93D8E00E1ED99 /* DCTOAuthTests.m in Sources */,
			);
			runOnlyForDeploymentPostprocessing = 0;
		};
		24FA900F15E93E0200E1ED99 /* Sources */ = {
			isa = PBXSourcesBuildPhase;
			buildActionMask = 2147483647;
			files = (
				24FA902015E93E0200E1ED99 /* main.m in Sources */,
				24FA902415E93E0200E1ED99 /* AppDelegate.m in Sources */,
				24FA903D15E93E2C00E1ED99 /* OAuthTestViewController.m in Sources */,
			);
			runOnlyForDeploymentPostprocessing = 0;
		};
/* End PBXSourcesBuildPhase section */

/* Begin PBXTargetDependency section */
		24FA8FFC15E93D8E00E1ED99 /* PBXTargetDependency */ = {
			isa = PBXTargetDependency;
			target = 24FA8FE315E93D8E00E1ED99 /* DCTOAuth */;
			targetProxy = 24FA8FFB15E93D8E00E1ED99 /* PBXContainerItemProxy */;
		};
/* End PBXTargetDependency section */

/* Begin PBXVariantGroup section */
		24FA900115E93D8E00E1ED99 /* InfoPlist.strings */ = {
			isa = PBXVariantGroup;
			children = (
				24FA900215E93D8E00E1ED99 /* en */,
			);
			name = InfoPlist.strings;
			sourceTree = "<group>";
		};
		24FA901C15E93E0200E1ED99 /* InfoPlist.strings */ = {
			isa = PBXVariantGroup;
			children = (
				24FA901D15E93E0200E1ED99 /* en */,
			);
			name = InfoPlist.strings;
			sourceTree = "<group>";
		};
/* End PBXVariantGroup section */

/* Begin XCBuildConfiguration section */
		24FA900715E93D8E00E1ED99 /* Debug */ = {
			isa = XCBuildConfiguration;
			buildSettings = {
				ALWAYS_SEARCH_USER_PATHS = NO;
				ARCHS = "$(ARCHS_STANDARD_32_BIT)";
				CLANG_CXX_LANGUAGE_STANDARD = "gnu++0x";
				CLANG_ENABLE_OBJC_ARC = YES;
				CLANG_WARN__DUPLICATE_METHOD_MATCH = YES;
				COPY_PHASE_STRIP = NO;
				GCC_C_LANGUAGE_STANDARD = gnu99;
				GCC_DYNAMIC_NO_PIC = NO;
				GCC_OPTIMIZATION_LEVEL = 0;
				GCC_PREPROCESSOR_DEFINITIONS = (
					"DEBUG=1",
					"$(inherited)",
				);
				GCC_SYMBOLS_PRIVATE_EXTERN = NO;
				GCC_VERSION = com.apple.compilers.llvm.clang.1_0;
				GCC_WARN_ABOUT_RETURN_TYPE = YES;
				GCC_WARN_UNINITIALIZED_AUTOS = YES;
				GCC_WARN_UNUSED_VARIABLE = YES;
				IPHONEOS_DEPLOYMENT_TARGET = 5.1;
				SDKROOT = iphoneos;
			};
			name = Debug;
		};
		24FA900815E93D8E00E1ED99 /* Release */ = {
			isa = XCBuildConfiguration;
			buildSettings = {
				ALWAYS_SEARCH_USER_PATHS = NO;
				ARCHS = "$(ARCHS_STANDARD_32_BIT)";
				CLANG_CXX_LANGUAGE_STANDARD = "gnu++0x";
				CLANG_ENABLE_OBJC_ARC = YES;
				CLANG_WARN__DUPLICATE_METHOD_MATCH = YES;
				COPY_PHASE_STRIP = YES;
				GCC_C_LANGUAGE_STANDARD = gnu99;
				GCC_VERSION = com.apple.compilers.llvm.clang.1_0;
				GCC_WARN_ABOUT_RETURN_TYPE = YES;
				GCC_WARN_UNINITIALIZED_AUTOS = YES;
				GCC_WARN_UNUSED_VARIABLE = YES;
				IPHONEOS_DEPLOYMENT_TARGET = 5.1;
				SDKROOT = iphoneos;
				VALIDATE_PRODUCT = YES;
			};
			name = Release;
		};
		24FA900A15E93D8E00E1ED99 /* Debug */ = {
			isa = XCBuildConfiguration;
			buildSettings = {
				DSTROOT = /tmp/DCTOAuth.dst;
				GCC_PRECOMPILE_PREFIX_HEADER = YES;
				GCC_PREFIX_HEADER = "DCTOAuth/DCTOAuth-Prefix.pch";
				OTHER_LDFLAGS = "-ObjC";
				PRODUCT_NAME = "$(TARGET_NAME)";
				SKIP_INSTALL = YES;
			};
			name = Debug;
		};
		24FA900B15E93D8E00E1ED99 /* Release */ = {
			isa = XCBuildConfiguration;
			buildSettings = {
				DSTROOT = /tmp/DCTOAuth.dst;
				GCC_PRECOMPILE_PREFIX_HEADER = YES;
				GCC_PREFIX_HEADER = "DCTOAuth/DCTOAuth-Prefix.pch";
				OTHER_LDFLAGS = "-ObjC";
				PRODUCT_NAME = "$(TARGET_NAME)";
				SKIP_INSTALL = YES;
			};
			name = Release;
		};
		24FA900D15E93D8E00E1ED99 /* Debug */ = {
			isa = XCBuildConfiguration;
			buildSettings = {
				FRAMEWORK_SEARCH_PATHS = (
					"\"$(SDKROOT)/Developer/Library/Frameworks\"",
					"\"$(DEVELOPER_LIBRARY_DIR)/Frameworks\"",
				);
				GCC_PRECOMPILE_PREFIX_HEADER = YES;
				GCC_PREFIX_HEADER = "DCTOAuth/DCTOAuth-Prefix.pch";
				INFOPLIST_FILE = "DCTOAuthTests/DCTOAuthTests-Info.plist";
				PRODUCT_NAME = "$(TARGET_NAME)";
				WRAPPER_EXTENSION = octest;
			};
			name = Debug;
		};
		24FA900E15E93D8E00E1ED99 /* Release */ = {
			isa = XCBuildConfiguration;
			buildSettings = {
				FRAMEWORK_SEARCH_PATHS = (
					"\"$(SDKROOT)/Developer/Library/Frameworks\"",
					"\"$(DEVELOPER_LIBRARY_DIR)/Frameworks\"",
				);
				GCC_PRECOMPILE_PREFIX_HEADER = YES;
				GCC_PREFIX_HEADER = "DCTOAuth/DCTOAuth-Prefix.pch";
				INFOPLIST_FILE = "DCTOAuthTests/DCTOAuthTests-Info.plist";
				PRODUCT_NAME = "$(TARGET_NAME)";
				WRAPPER_EXTENSION = octest;
			};
			name = Release;
		};
		24FA902615E93E0200E1ED99 /* Debug */ = {
			isa = XCBuildConfiguration;
			buildSettings = {
				"CODE_SIGN_IDENTITY[sdk=iphoneos*]" = "iPhone Developer";
				FRAMEWORK_SEARCH_PATHS = (
					"$(inherited)",
					"\"$(SYSTEM_APPS_DIR)/Xcode.app/Contents/Developer/Library/Frameworks\"",
				);
				GCC_PRECOMPILE_PREFIX_HEADER = YES;
				GCC_PREFIX_HEADER = "DCTOAuth Demo/DCTOAuth Demo-Prefix.pch";
				INFOPLIST_FILE = "DCTOAuth Demo/DCTOAuth Demo-Info.plist";
				OTHER_LDFLAGS = (
					"-ObjC",
					"-all_load",
				);
				PRODUCT_NAME = "$(TARGET_NAME)";
				TARGETED_DEVICE_FAMILY = "1,2";
				WRAPPER_EXTENSION = app;
			};
			name = Debug;
		};
		24FA902715E93E0200E1ED99 /* Release */ = {
			isa = XCBuildConfiguration;
			buildSettings = {
				"CODE_SIGN_IDENTITY[sdk=iphoneos*]" = "iPhone Developer";
				FRAMEWORK_SEARCH_PATHS = (
					"$(inherited)",
					"\"$(SYSTEM_APPS_DIR)/Xcode.app/Contents/Developer/Library/Frameworks\"",
				);
				GCC_PRECOMPILE_PREFIX_HEADER = YES;
				GCC_PREFIX_HEADER = "DCTOAuth Demo/DCTOAuth Demo-Prefix.pch";
				INFOPLIST_FILE = "DCTOAuth Demo/DCTOAuth Demo-Info.plist";
				OTHER_CFLAGS = "-DNS_BLOCK_ASSERTIONS=1";
				OTHER_LDFLAGS = (
					"-ObjC",
					"-all_load",
				);
				PRODUCT_NAME = "$(TARGET_NAME)";
				TARGETED_DEVICE_FAMILY = "1,2";
				WRAPPER_EXTENSION = app;
			};
			name = Release;
		};
/* End XCBuildConfiguration section */

/* Begin XCConfigurationList section */
		24FA8FDE15E93D8E00E1ED99 /* Build configuration list for PBXProject "DCTOAuth" */ = {
			isa = XCConfigurationList;
			buildConfigurations = (
				24FA900715E93D8E00E1ED99 /* Debug */,
				24FA900815E93D8E00E1ED99 /* Release */,
			);
			defaultConfigurationIsVisible = 0;
			defaultConfigurationName = Release;
		};
		24FA900915E93D8E00E1ED99 /* Build configuration list for PBXNativeTarget "DCTOAuth" */ = {
			isa = XCConfigurationList;
			buildConfigurations = (
				24FA900A15E93D8E00E1ED99 /* Debug */,
				24FA900B15E93D8E00E1ED99 /* Release */,
			);
			defaultConfigurationIsVisible = 0;
			defaultConfigurationName = Release;
		};
		24FA900C15E93D8E00E1ED99 /* Build configuration list for PBXNativeTarget "DCTOAuthTests" */ = {
			isa = XCConfigurationList;
			buildConfigurations = (
				24FA900D15E93D8E00E1ED99 /* Debug */,
				24FA900E15E93D8E00E1ED99 /* Release */,
			);
			defaultConfigurationIsVisible = 0;
			defaultConfigurationName = Release;
		};
		24FA902515E93E0200E1ED99 /* Build configuration list for PBXNativeTarget "DCTOAuth Demo" */ = {
			isa = XCConfigurationList;
			buildConfigurations = (
				24FA902615E93E0200E1ED99 /* Debug */,
				24FA902715E93E0200E1ED99 /* Release */,
			);
			defaultConfigurationIsVisible = 0;
			defaultConfigurationName = Release;
		};
/* End XCConfigurationList section */
	};
	rootObject = 24FA8FDB15E93D8E00E1ED99 /* Project object */;
}
