// !$*UTF8*$!
{
	archiveVersion = 1;
	classes = {
	};
	objectVersion = 46;
	objects = {

/* Begin PBXBuildFile section */
		240764BB15EE3791006E0B54 /* DCTBasicAuthAccount.m in Sources */ = {isa = PBXBuildFile; fileRef = 240764BA15EE3791006E0B54 /* DCTBasicAuthAccount.m */; };
		24115A7117F577FA00280F98 /* DCTAuthURLOpenerOperation.m in Sources */ = {isa = PBXBuildFile; fileRef = 24115A7017F577FA00280F98 /* DCTAuthURLOpenerOperation.m */; };
		241298C816AC71310052A724 /* DCTAuthURLRequestPerformer.m in Sources */ = {isa = PBXBuildFile; fileRef = 241298C716AC71310052A724 /* DCTAuthURLRequestPerformer.m */; };
		2419EA3616B912B100901AA2 /* DCTAuthContentType.m in Sources */ = {isa = PBXBuildFile; fileRef = 2419EA3516B912B100901AA2 /* DCTAuthContentType.m */; };
		2419EA3916B918BD00901AA2 /* DCTAuthContentTypeTests.m in Sources */ = {isa = PBXBuildFile; fileRef = 2419EA3816B918BD00901AA2 /* DCTAuthContentTypeTests.m */; };
		241FBB9B19F6D6540082C071 /* DCTAuthRequestMethod.h in Headers */ = {isa = PBXBuildFile; fileRef = 241FBB9919F6D6540082C071 /* DCTAuthRequestMethod.h */; settings = {ATTRIBUTES = (Public, ); }; };
		241FBB9C19F6D6540082C071 /* DCTAuthRequestMethod.m in Sources */ = {isa = PBXBuildFile; fileRef = 241FBB9A19F6D6540082C071 /* DCTAuthRequestMethod.m */; };
		241FBB9D19F6D6540082C071 /* DCTAuthRequestMethod.m in Sources */ = {isa = PBXBuildFile; fileRef = 241FBB9A19F6D6540082C071 /* DCTAuthRequestMethod.m */; };
		241FBB9E19F6D79F0082C071 /* DCTAuthRequestMethod.h in CopyFiles */ = {isa = PBXBuildFile; fileRef = 241FBB9919F6D6540082C071 /* DCTAuthRequestMethod.h */; };
		241FBBA119F796870082C071 /* DCTOAuth2.h in Headers */ = {isa = PBXBuildFile; fileRef = 241FBB9F19F796870082C071 /* DCTOAuth2.h */; };
		241FBBA219F796870082C071 /* DCTOAuth2.m in Sources */ = {isa = PBXBuildFile; fileRef = 241FBBA019F796870082C071 /* DCTOAuth2.m */; };
		241FBBA319F796870082C071 /* DCTOAuth2.m in Sources */ = {isa = PBXBuildFile; fileRef = 241FBBA019F796870082C071 /* DCTOAuth2.m */; };
		241FBBAA19F7CE090082C071 /* DCTOAuth1.h in Headers */ = {isa = PBXBuildFile; fileRef = 241FBBA819F7CE090082C071 /* DCTOAuth1.h */; };
		241FBBAB19F7CE090082C071 /* DCTOAuth1.m in Sources */ = {isa = PBXBuildFile; fileRef = 241FBBA919F7CE090082C071 /* DCTOAuth1.m */; };
		241FBBAC19F7CE090082C071 /* DCTOAuth1.m in Sources */ = {isa = PBXBuildFile; fileRef = 241FBBA919F7CE090082C071 /* DCTOAuth1.m */; };
		242BEF8219A900470063F2F2 /* libresolv.dylib in Frameworks */ = {isa = PBXBuildFile; fileRef = 24FA904015E93E6C00E1ED99 /* libresolv.dylib */; };
		242BEF8419A9012D0063F2F2 /* Images.xcassets in Resources */ = {isa = PBXBuildFile; fileRef = 242BEF8319A9012D0063F2F2 /* Images.xcassets */; };
		242BEF8519A901B30063F2F2 /* DCTAuth.framework in Frameworks */ = {isa = PBXBuildFile; fileRef = 2454F2C01959601600E8643C /* DCTAuth.framework */; };
		242BEFBC19A907990063F2F2 /* DCTAuth.framework in Frameworks */ = {isa = PBXBuildFile; fileRef = 2454F2C01959601600E8643C /* DCTAuth.framework */; };
		242BEFBD19A907990063F2F2 /* DCTAuth.framework in Embed Frameworks */ = {isa = PBXBuildFile; fileRef = 2454F2C01959601600E8643C /* DCTAuth.framework */; settings = {ATTRIBUTES = (CodeSignOnCopy, RemoveHeadersOnCopy, ); }; };
		2434254515F7E199002D2D37 /* libresolv.dylib in Frameworks */ = {isa = PBXBuildFile; fileRef = 24FA904015E93E6C00E1ED99 /* libresolv.dylib */; };
		2443E9C615F37A2A00845950 /* DCTAuthMultipartData.m in Sources */ = {isa = PBXBuildFile; fileRef = 2443E9C515F37A2A00845950 /* DCTAuthMultipartData.m */; };
		244414B8173EBC3A0046D993 /* Localizable.strings in Resources */ = {isa = PBXBuildFile; fileRef = 244414BA173EBC3A0046D993 /* Localizable.strings */; };
		2454C24816D8BD4500E97367 /* DCTOAuth2Credential.m in Sources */ = {isa = PBXBuildFile; fileRef = 2454C24716D8BD4500E97367 /* DCTOAuth2Credential.m */; };
		2454C24B16D8E35400E97367 /* DCTAuthAccountCredential.h in CopyFiles */ = {isa = PBXBuildFile; fileRef = 246D3A8E16D77223008CDB63 /* DCTAuthAccountCredential.h */; };
		2454F2E11959608A00E8643C /* DCTAuth.h in Headers */ = {isa = PBXBuildFile; fileRef = 24FA8FEC15E93D8E00E1ED99 /* DCTAuth.h */; settings = {ATTRIBUTES = (Public, ); }; };
		2454F2E21959608A00E8643C /* DCTAuthAccount.h in Headers */ = {isa = PBXBuildFile; fileRef = 24FA902815E93E1F00E1ED99 /* DCTAuthAccount.h */; settings = {ATTRIBUTES = (Public, ); }; };
		2454F2E41959608A00E8643C /* DCTAuthAccountCredential.h in Headers */ = {isa = PBXBuildFile; fileRef = 246D3A8E16D77223008CDB63 /* DCTAuthAccountCredential.h */; settings = {ATTRIBUTES = (Public, ); }; };
		2454F2E51959608A00E8643C /* DCTAuthAccountStore.h in Headers */ = {isa = PBXBuildFile; fileRef = 249CAD1515EA1F0200FFD0D2 /* DCTAuthAccountStore.h */; settings = {ATTRIBUTES = (Public, ); }; };
		2454F2E61959608A00E8643C /* DCTAuthAccountSubclass.h in Headers */ = {isa = PBXBuildFile; fileRef = 2455D717163BE5E800BC6FD7 /* DCTAuthAccountSubclass.h */; settings = {ATTRIBUTES = (Public, ); }; };
		2454F2E71959608A00E8643C /* DCTAuthRequest.h in Headers */ = {isa = PBXBuildFile; fileRef = 24FA902A15E93E1F00E1ED99 /* DCTAuthRequest.h */; settings = {ATTRIBUTES = (Public, ); }; };
		2454F2E81959608A00E8643C /* DCTAuthResponse.h in Headers */ = {isa = PBXBuildFile; fileRef = 245F7C7216AF2809005B72BA /* DCTAuthResponse.h */; settings = {ATTRIBUTES = (Public, ); }; };
		2454F2E9195960A800E8643C /* DCTAuthAccount+Private.h in Headers */ = {isa = PBXBuildFile; fileRef = 24BFD672176FCB7D006BBBC8 /* DCTAuthAccount+Private.h */; };
		2454F2EA195960A800E8643C /* DCTAuthAccountStore+Private.h in Headers */ = {isa = PBXBuildFile; fileRef = 24BD53981828DC3500A6B7D9 /* DCTAuthAccountStore+Private.h */; };
		2454F2EB195960A800E8643C /* DCTAuthKeychainAccess.h in Headers */ = {isa = PBXBuildFile; fileRef = 2484E11C176E4A1B000EB00E /* DCTAuthKeychainAccess.h */; };
		2454F2EC195960A800E8643C /* DCTAuthContentType.h in Headers */ = {isa = PBXBuildFile; fileRef = 2419EA3416B912B100901AA2 /* DCTAuthContentType.h */; };
		2454F2ED195960A800E8643C /* DCTAuthURLOpener.h in Headers */ = {isa = PBXBuildFile; fileRef = 24A3318115F14D63004FA7E4 /* DCTAuthURLOpener.h */; };
		2454F2EE195960A800E8643C /* DCTAuthURLOpenerOperation.h in Headers */ = {isa = PBXBuildFile; fileRef = 24115A6F17F577FA00280F98 /* DCTAuthURLOpenerOperation.h */; };
		2454F2EF195960A800E8643C /* DCTAuthURLRequestPerformer.h in Headers */ = {isa = PBXBuildFile; fileRef = 241298C616AC71310052A724 /* DCTAuthURLRequestPerformer.h */; };
		2454F2F0195960A800E8643C /* DCTAuthPlatform.h in Headers */ = {isa = PBXBuildFile; fileRef = 24A331D615F15B93004FA7E4 /* DCTAuthPlatform.h */; };
		2454F2F1195960A800E8643C /* DCTAuthMultipartData.h in Headers */ = {isa = PBXBuildFile; fileRef = 2443E9C415F37A2A00845950 /* DCTAuthMultipartData.h */; };
		2454F2F2195960A800E8643C /* DCTOAuthSignature.h in Headers */ = {isa = PBXBuildFile; fileRef = 24FA902E15E93E1F00E1ED99 /* DCTOAuthSignature.h */; };
		2454F2F3195960A800E8643C /* DCTOAuth1Account.h in Headers */ = {isa = PBXBuildFile; fileRef = 249CAD2015EA236B00FFD0D2 /* DCTOAuth1Account.h */; };
		2454F2F4195960A800E8643C /* DCTOAuth1Credential.h in Headers */ = {isa = PBXBuildFile; fileRef = 246D3A9216D77D38008CDB63 /* DCTOAuth1Credential.h */; };
		2454F2F5195960A800E8643C /* DCTOAuth2Account.h in Headers */ = {isa = PBXBuildFile; fileRef = 249CAD1D15EA235D00FFD0D2 /* DCTOAuth2Account.h */; };
		2454F2F6195960A800E8643C /* DCTOAuth2Credential.h in Headers */ = {isa = PBXBuildFile; fileRef = 2454C24616D8BD4500E97367 /* DCTOAuth2Credential.h */; };
		2454F2F7195960A800E8643C /* DCTBasicAuthAccount.h in Headers */ = {isa = PBXBuildFile; fileRef = 240764B915EE3791006E0B54 /* DCTBasicAuthAccount.h */; };
		2454F2F8195960A800E8643C /* DCTBasicAuthCredential.h in Headers */ = {isa = PBXBuildFile; fileRef = 246D3A8F16D7776A008CDB63 /* DCTBasicAuthCredential.h */; };
		2454F2F9195960A800E8643C /* DCTCertificateAccount.h in Headers */ = {isa = PBXBuildFile; fileRef = 24F0B50018D76990005BC619 /* DCTCertificateAccount.h */; };
		2454F2FA195960A800E8643C /* DCTCertificateCredential.h in Headers */ = {isa = PBXBuildFile; fileRef = 24F0B50318D76AA8005BC619 /* DCTCertificateCredential.h */; };
		2454F2FB195960A800E8643C /* DCTCertificateAuthURLProtocol.h in Headers */ = {isa = PBXBuildFile; fileRef = 24F0B50C18D78A74005BC619 /* DCTCertificateAuthURLProtocol.h */; };
		2454F2FC195960B100E8643C /* NSString+DCTAuth.h in Headers */ = {isa = PBXBuildFile; fileRef = 24FA903215E93E1F00E1ED99 /* NSString+DCTAuth.h */; };
		2454F2FD195960B100E8643C /* NSData+DCTAuth.h in Headers */ = {isa = PBXBuildFile; fileRef = 249CAD1915EA214700FFD0D2 /* NSData+DCTAuth.h */; };
		2454F2FE195960B100E8643C /* NSDictionary+DCTAuth.h in Headers */ = {isa = PBXBuildFile; fileRef = 24C6238815EBBB8800B68FAD /* NSDictionary+DCTAuth.h */; };
		2454F3121959610500E8643C /* Localizable.strings in Resources */ = {isa = PBXBuildFile; fileRef = 244414BA173EBC3A0046D993 /* Localizable.strings */; };
		2454F3131959615800E8643C /* DCTAuth.m in Sources */ = {isa = PBXBuildFile; fileRef = 24C6232C15EB932700B68FAD /* DCTAuth.m */; };
		2454F3141959615800E8643C /* DCTAuthAccount.m in Sources */ = {isa = PBXBuildFile; fileRef = 24FA902915E93E1F00E1ED99 /* DCTAuthAccount.m */; };
		2454F3151959615800E8643C /* DCTAuthAccountStore.m in Sources */ = {isa = PBXBuildFile; fileRef = 249CAD1615EA1F0200FFD0D2 /* DCTAuthAccountStore.m */; };
		2454F3161959615800E8643C /* DCTAuthRequest.m in Sources */ = {isa = PBXBuildFile; fileRef = 24FA902B15E93E1F00E1ED99 /* DCTAuthRequest.m */; };
		2454F3171959615800E8643C /* DCTAuthResponse.m in Sources */ = {isa = PBXBuildFile; fileRef = 245F7C7316AF2809005B72BA /* DCTAuthResponse.m */; };
		2454F3181959615800E8643C /* DCTAuthKeychainAccess.m in Sources */ = {isa = PBXBuildFile; fileRef = 2484E11D176E4A1B000EB00E /* DCTAuthKeychainAccess.m */; };
		2454F3191959615800E8643C /* DCTAuthContentType.m in Sources */ = {isa = PBXBuildFile; fileRef = 2419EA3516B912B100901AA2 /* DCTAuthContentType.m */; };
		2454F31A1959615800E8643C /* DCTAuthURLOpener.m in Sources */ = {isa = PBXBuildFile; fileRef = 24A3318215F14D63004FA7E4 /* DCTAuthURLOpener.m */; };
		2454F31B1959615800E8643C /* DCTAuthURLOpenerOperation.m in Sources */ = {isa = PBXBuildFile; fileRef = 24115A7017F577FA00280F98 /* DCTAuthURLOpenerOperation.m */; };
		2454F31C1959615800E8643C /* DCTAuthURLRequestPerformer.m in Sources */ = {isa = PBXBuildFile; fileRef = 241298C716AC71310052A724 /* DCTAuthURLRequestPerformer.m */; };
		2454F31D1959615800E8643C /* DCTAuthPlatform.m in Sources */ = {isa = PBXBuildFile; fileRef = 24A331D715F15B93004FA7E4 /* DCTAuthPlatform.m */; };
		2454F31E1959615800E8643C /* DCTAuthMultipartData.m in Sources */ = {isa = PBXBuildFile; fileRef = 2443E9C515F37A2A00845950 /* DCTAuthMultipartData.m */; };
		2454F31F1959615800E8643C /* DCTOAuthSignature.m in Sources */ = {isa = PBXBuildFile; fileRef = 24FA902F15E93E1F00E1ED99 /* DCTOAuthSignature.m */; };
		2454F3201959615800E8643C /* DCTOAuth1Account.m in Sources */ = {isa = PBXBuildFile; fileRef = 249CAD2115EA236B00FFD0D2 /* DCTOAuth1Account.m */; };
		2454F3211959615800E8643C /* DCTOAuth1Credential.m in Sources */ = {isa = PBXBuildFile; fileRef = 246D3A9316D77D38008CDB63 /* DCTOAuth1Credential.m */; };
		2454F3221959615800E8643C /* DCTOAuth2Account.m in Sources */ = {isa = PBXBuildFile; fileRef = 249CAD1E15EA235E00FFD0D2 /* DCTOAuth2Account.m */; };
		2454F3231959615800E8643C /* DCTOAuth2Credential.m in Sources */ = {isa = PBXBuildFile; fileRef = 2454C24716D8BD4500E97367 /* DCTOAuth2Credential.m */; };
		2454F3241959615800E8643C /* DCTBasicAuthAccount.m in Sources */ = {isa = PBXBuildFile; fileRef = 240764BA15EE3791006E0B54 /* DCTBasicAuthAccount.m */; };
		2454F3251959615800E8643C /* DCTBasicAuthCredential.m in Sources */ = {isa = PBXBuildFile; fileRef = 246D3A9016D7776A008CDB63 /* DCTBasicAuthCredential.m */; };
		2454F3261959615800E8643C /* DCTCertificateAccount.m in Sources */ = {isa = PBXBuildFile; fileRef = 24F0B50118D76990005BC619 /* DCTCertificateAccount.m */; };
		2454F3271959615800E8643C /* DCTCertificateCredential.m in Sources */ = {isa = PBXBuildFile; fileRef = 24F0B50418D76AA8005BC619 /* DCTCertificateCredential.m */; };
		2454F3281959615800E8643C /* DCTCertificateAuthURLProtocol.m in Sources */ = {isa = PBXBuildFile; fileRef = 24F0B50D18D78A74005BC619 /* DCTCertificateAuthURLProtocol.m */; };
		2454F3291959615800E8643C /* NSString+DCTAuth.m in Sources */ = {isa = PBXBuildFile; fileRef = 24FA903315E93E1F00E1ED99 /* NSString+DCTAuth.m */; };
		2454F32A1959615800E8643C /* NSData+DCTAuth.m in Sources */ = {isa = PBXBuildFile; fileRef = 249CAD1A15EA214700FFD0D2 /* NSData+DCTAuth.m */; };
		2454F32B1959615800E8643C /* NSDictionary+DCTAuth.m in Sources */ = {isa = PBXBuildFile; fileRef = 24C6238915EBBB8800B68FAD /* NSDictionary+DCTAuth.m */; };
		2455D71A163BE72B00BC6FD7 /* DCTAuthAccountSubclass.h in CopyFiles */ = {isa = PBXBuildFile; fileRef = 2455D717163BE5E800BC6FD7 /* DCTAuthAccountSubclass.h */; };
		24561B261770733D00DD0051 /* DCTAuthKeychainTests.m in Sources */ = {isa = PBXBuildFile; fileRef = 24561B251770733D00DD0051 /* DCTAuthKeychainTests.m */; };
		245F7C7416AF2809005B72BA /* DCTAuthResponse.m in Sources */ = {isa = PBXBuildFile; fileRef = 245F7C7316AF2809005B72BA /* DCTAuthResponse.m */; };
		245F7C7716AF3371005B72BA /* DCTAuthResponse.h in CopyFiles */ = {isa = PBXBuildFile; fileRef = 245F7C7216AF2809005B72BA /* DCTAuthResponse.h */; };
		246D3A9116D7776A008CDB63 /* DCTBasicAuthCredential.m in Sources */ = {isa = PBXBuildFile; fileRef = 246D3A9016D7776A008CDB63 /* DCTBasicAuthCredential.m */; };
		246D3A9416D77D38008CDB63 /* DCTOAuth1Credential.m in Sources */ = {isa = PBXBuildFile; fileRef = 246D3A9316D77D38008CDB63 /* DCTOAuth1Credential.m */; };
		2484E11E176E4A91000EB00E /* DCTAuthKeychainAccess.m in Sources */ = {isa = PBXBuildFile; fileRef = 2484E11D176E4A1B000EB00E /* DCTAuthKeychainAccess.m */; };
		249CAD1715EA1F0200FFD0D2 /* DCTAuthAccountStore.m in Sources */ = {isa = PBXBuildFile; fileRef = 249CAD1615EA1F0200FFD0D2 /* DCTAuthAccountStore.m */; };
		249CAD1B15EA214700FFD0D2 /* NSData+DCTAuth.m in Sources */ = {isa = PBXBuildFile; fileRef = 249CAD1A15EA214700FFD0D2 /* NSData+DCTAuth.m */; };
		249CAD1C15EA22ED00FFD0D2 /* DCTAuthAccountStore.h in CopyFiles */ = {isa = PBXBuildFile; fileRef = 249CAD1515EA1F0200FFD0D2 /* DCTAuthAccountStore.h */; };
		249CAD1F15EA235E00FFD0D2 /* DCTOAuth2Account.m in Sources */ = {isa = PBXBuildFile; fileRef = 249CAD1E15EA235E00FFD0D2 /* DCTOAuth2Account.m */; };
		249CAD2215EA236B00FFD0D2 /* DCTOAuth1Account.m in Sources */ = {isa = PBXBuildFile; fileRef = 249CAD2115EA236B00FFD0D2 /* DCTOAuth1Account.m */; };
		24A3318315F14D63004FA7E4 /* DCTAuthURLOpener.m in Sources */ = {isa = PBXBuildFile; fileRef = 24A3318215F14D63004FA7E4 /* DCTAuthURLOpener.m */; };
		24A331D815F15B93004FA7E4 /* DCTAuthPlatform.m in Sources */ = {isa = PBXBuildFile; fileRef = 24A331D715F15B93004FA7E4 /* DCTAuthPlatform.m */; };
		24C6232D15EB932700B68FAD /* DCTAuth.m in Sources */ = {isa = PBXBuildFile; fileRef = 24C6232C15EB932700B68FAD /* DCTAuth.m */; };
		24C6238C15EBBB8800B68FAD /* NSDictionary+DCTAuth.m in Sources */ = {isa = PBXBuildFile; fileRef = 24C6238915EBBB8800B68FAD /* NSDictionary+DCTAuth.m */; };
		24F0B50218D76990005BC619 /* DCTCertificateAccount.m in Sources */ = {isa = PBXBuildFile; fileRef = 24F0B50118D76990005BC619 /* DCTCertificateAccount.m */; };
		24F0B50518D76AA8005BC619 /* DCTCertificateCredential.m in Sources */ = {isa = PBXBuildFile; fileRef = 24F0B50418D76AA8005BC619 /* DCTCertificateCredential.m */; };
		24F0B50E18D78A74005BC619 /* DCTCertificateAuthURLProtocol.m in Sources */ = {isa = PBXBuildFile; fileRef = 24F0B50D18D78A74005BC619 /* DCTCertificateAuthURLProtocol.m */; };
		24FA8FED15E93D8E00E1ED99 /* DCTAuth.h in CopyFiles */ = {isa = PBXBuildFile; fileRef = 24FA8FEC15E93D8E00E1ED99 /* DCTAuth.h */; };
		24FA900615E93D8E00E1ED99 /* DCTOAuthSignatureTests.m in Sources */ = {isa = PBXBuildFile; fileRef = 24FA900515E93D8E00E1ED99 /* DCTOAuthSignatureTests.m */; };
		24FA902015E93E0200E1ED99 /* main.m in Sources */ = {isa = PBXBuildFile; fileRef = 24FA901F15E93E0200E1ED99 /* main.m */; };
		24FA902415E93E0200E1ED99 /* AppDelegate.m in Sources */ = {isa = PBXBuildFile; fileRef = 24FA902315E93E0200E1ED99 /* AppDelegate.m */; };
		24FA903415E93E1F00E1ED99 /* DCTAuthAccount.m in Sources */ = {isa = PBXBuildFile; fileRef = 24FA902915E93E1F00E1ED99 /* DCTAuthAccount.m */; };
		24FA903515E93E1F00E1ED99 /* DCTAuthRequest.m in Sources */ = {isa = PBXBuildFile; fileRef = 24FA902B15E93E1F00E1ED99 /* DCTAuthRequest.m */; };
		24FA903715E93E1F00E1ED99 /* DCTOAuthSignature.m in Sources */ = {isa = PBXBuildFile; fileRef = 24FA902F15E93E1F00E1ED99 /* DCTOAuthSignature.m */; };
		24FA903915E93E1F00E1ED99 /* NSString+DCTAuth.m in Sources */ = {isa = PBXBuildFile; fileRef = 24FA903315E93E1F00E1ED99 /* NSString+DCTAuth.m */; };
		24FA903D15E93E2C00E1ED99 /* AuthTestViewController.m in Sources */ = {isa = PBXBuildFile; fileRef = 24FA903B15E93E2C00E1ED99 /* AuthTestViewController.m */; };
		24FA903E15E93E2C00E1ED99 /* AuthTestViewController.xib in Resources */ = {isa = PBXBuildFile; fileRef = 24FA903C15E93E2C00E1ED99 /* AuthTestViewController.xib */; };
		24FA904A15E940BA00E1ED99 /* DCTAuthRequest.h in CopyFiles */ = {isa = PBXBuildFile; fileRef = 24FA902A15E93E1F00E1ED99 /* DCTAuthRequest.h */; };
		24FA904B15E940BC00E1ED99 /* DCTAuthAccount.h in CopyFiles */ = {isa = PBXBuildFile; fileRef = 24FA902815E93E1F00E1ED99 /* DCTAuthAccount.h */; };
/* End PBXBuildFile section */

/* Begin PBXContainerItemProxy section */
		242BEF8619A902540063F2F2 /* PBXContainerItemProxy */ = {
			isa = PBXContainerItemProxy;
			containerPortal = 24FA8FDB15E93D8E00E1ED99 /* Project object */;
			proxyType = 1;
			remoteGlobalIDString = 24FA901215E93E0200E1ED99;
			remoteInfo = "DCTAuth Demo";
		};
		242BEFBE19A9079A0063F2F2 /* PBXContainerItemProxy */ = {
			isa = PBXContainerItemProxy;
			containerPortal = 24FA8FDB15E93D8E00E1ED99 /* Project object */;
			proxyType = 1;
			remoteGlobalIDString = 2454F2BF1959601600E8643C;
			remoteInfo = "DCTAuth iOS";
		};
		244414B4173EBB660046D993 /* PBXContainerItemProxy */ = {
			isa = PBXContainerItemProxy;
			containerPortal = 24FA8FDB15E93D8E00E1ED99 /* Project object */;
			proxyType = 1;
			remoteGlobalIDString = 244414A6173EBB320046D993;
			remoteInfo = DCTAuthBundle;
		};
/* End PBXContainerItemProxy section */

/* Begin PBXCopyFilesBuildPhase section */
		242BEFC019A9079A0063F2F2 /* Embed Frameworks */ = {
			isa = PBXCopyFilesBuildPhase;
			buildActionMask = 2147483647;
			dstPath = "";
			dstSubfolderSpec = 10;
			files = (
				242BEFBD19A907990063F2F2 /* DCTAuth.framework in Embed Frameworks */,
			);
			name = "Embed Frameworks";
			runOnlyForDeploymentPostprocessing = 0;
		};
		24FA8FE215E93D8E00E1ED99 /* CopyFiles */ = {
			isa = PBXCopyFilesBuildPhase;
			buildActionMask = 2147483647;
			dstPath = "include/${PRODUCT_NAME}";
			dstSubfolderSpec = 16;
			files = (
				2454C24B16D8E35400E97367 /* DCTAuthAccountCredential.h in CopyFiles */,
				245F7C7716AF3371005B72BA /* DCTAuthResponse.h in CopyFiles */,
				2455D71A163BE72B00BC6FD7 /* DCTAuthAccountSubclass.h in CopyFiles */,
				24FA8FED15E93D8E00E1ED99 /* DCTAuth.h in CopyFiles */,
				24FA904A15E940BA00E1ED99 /* DCTAuthRequest.h in CopyFiles */,
				241FBB9E19F6D79F0082C071 /* DCTAuthRequestMethod.h in CopyFiles */,
				24FA904B15E940BC00E1ED99 /* DCTAuthAccount.h in CopyFiles */,
				249CAD1C15EA22ED00FFD0D2 /* DCTAuthAccountStore.h in CopyFiles */,
			);
			runOnlyForDeploymentPostprocessing = 0;
		};
/* End PBXCopyFilesBuildPhase section */

/* Begin PBXFileReference section */
		240764B915EE3791006E0B54 /* DCTBasicAuthAccount.h */ = {isa = PBXFileReference; fileEncoding = 4; lastKnownFileType = sourcecode.c.h; path = DCTBasicAuthAccount.h; sourceTree = "<group>"; };
		240764BA15EE3791006E0B54 /* DCTBasicAuthAccount.m */ = {isa = PBXFileReference; fileEncoding = 4; lastKnownFileType = sourcecode.c.objc; path = DCTBasicAuthAccount.m; sourceTree = "<group>"; };
		24115A6F17F577FA00280F98 /* DCTAuthURLOpenerOperation.h */ = {isa = PBXFileReference; fileEncoding = 4; lastKnownFileType = sourcecode.c.h; path = DCTAuthURLOpenerOperation.h; sourceTree = "<group>"; };
		24115A7017F577FA00280F98 /* DCTAuthURLOpenerOperation.m */ = {isa = PBXFileReference; fileEncoding = 4; lastKnownFileType = sourcecode.c.objc; path = DCTAuthURLOpenerOperation.m; sourceTree = "<group>"; };
		241298C616AC71310052A724 /* DCTAuthURLRequestPerformer.h */ = {isa = PBXFileReference; fileEncoding = 4; lastKnownFileType = sourcecode.c.h; path = DCTAuthURLRequestPerformer.h; sourceTree = "<group>"; };
		241298C716AC71310052A724 /* DCTAuthURLRequestPerformer.m */ = {isa = PBXFileReference; fileEncoding = 4; lastKnownFileType = sourcecode.c.objc; path = DCTAuthURLRequestPerformer.m; sourceTree = "<group>"; };
		2419EA3416B912B100901AA2 /* DCTAuthContentType.h */ = {isa = PBXFileReference; fileEncoding = 4; lastKnownFileType = sourcecode.c.h; path = DCTAuthContentType.h; sourceTree = "<group>"; };
		2419EA3516B912B100901AA2 /* DCTAuthContentType.m */ = {isa = PBXFileReference; fileEncoding = 4; lastKnownFileType = sourcecode.c.objc; path = DCTAuthContentType.m; sourceTree = "<group>"; };
		2419EA3816B918BD00901AA2 /* DCTAuthContentTypeTests.m */ = {isa = PBXFileReference; fileEncoding = 4; lastKnownFileType = sourcecode.c.objc; path = DCTAuthContentTypeTests.m; sourceTree = "<group>"; };
		241FBB9919F6D6540082C071 /* DCTAuthRequestMethod.h */ = {isa = PBXFileReference; fileEncoding = 4; lastKnownFileType = sourcecode.c.h; path = DCTAuthRequestMethod.h; sourceTree = "<group>"; };
		241FBB9A19F6D6540082C071 /* DCTAuthRequestMethod.m */ = {isa = PBXFileReference; fileEncoding = 4; lastKnownFileType = sourcecode.c.objc; path = DCTAuthRequestMethod.m; sourceTree = "<group>"; };
		241FBB9F19F796870082C071 /* DCTOAuth2.h */ = {isa = PBXFileReference; fileEncoding = 4; lastKnownFileType = sourcecode.c.h; path = DCTOAuth2.h; sourceTree = "<group>"; };
		241FBBA019F796870082C071 /* DCTOAuth2.m */ = {isa = PBXFileReference; fileEncoding = 4; lastKnownFileType = sourcecode.c.objc; path = DCTOAuth2.m; sourceTree = "<group>"; };
		241FBBA819F7CE090082C071 /* DCTOAuth1.h */ = {isa = PBXFileReference; fileEncoding = 4; lastKnownFileType = sourcecode.c.h; path = DCTOAuth1.h; sourceTree = "<group>"; };
		241FBBA919F7CE090082C071 /* DCTOAuth1.m */ = {isa = PBXFileReference; fileEncoding = 4; lastKnownFileType = sourcecode.c.objc; path = DCTOAuth1.m; sourceTree = "<group>"; };
		242BEF8319A9012D0063F2F2 /* Images.xcassets */ = {isa = PBXFileReference; lastKnownFileType = folder.assetcatalog; path = Images.xcassets; sourceTree = "<group>"; };
		2443E9C415F37A2A00845950 /* DCTAuthMultipartData.h */ = {isa = PBXFileReference; fileEncoding = 4; lastKnownFileType = sourcecode.c.h; path = DCTAuthMultipartData.h; sourceTree = "<group>"; };
		2443E9C515F37A2A00845950 /* DCTAuthMultipartData.m */ = {isa = PBXFileReference; fileEncoding = 4; lastKnownFileType = sourcecode.c.objc; path = DCTAuthMultipartData.m; sourceTree = "<group>"; };
		244414A7173EBB320046D993 /* DCTAuth.bundle */ = {isa = PBXFileReference; explicitFileType = wrapper.cfbundle; includeInIndex = 0; path = DCTAuth.bundle; sourceTree = BUILT_PRODUCTS_DIR; };
		244414AC173EBB320046D993 /* Info.plist */ = {isa = PBXFileReference; lastKnownFileType = text.plist.xml; path = Info.plist; sourceTree = "<group>"; };
		244414B9173EBC3A0046D993 /* en */ = {isa = PBXFileReference; lastKnownFileType = text.plist.strings; name = en; path = en.lproj/Localizable.strings; sourceTree = "<group>"; };
		244DE80B19A91A4A00A91DC7 /* Debug.xcconfig */ = {isa = PBXFileReference; lastKnownFileType = text.xcconfig; path = Debug.xcconfig; sourceTree = "<group>"; };
		244DE80C19A91A4A00A91DC7 /* iOS Application.xcconfig */ = {isa = PBXFileReference; lastKnownFileType = text.xcconfig; path = "iOS Application.xcconfig"; sourceTree = "<group>"; };
		244DE80D19A91A4A00A91DC7 /* iOS Bundle.xcconfig */ = {isa = PBXFileReference; lastKnownFileType = text.xcconfig; path = "iOS Bundle.xcconfig"; sourceTree = "<group>"; };
		244DE80E19A91A4A00A91DC7 /* iOS Framework.xcconfig */ = {isa = PBXFileReference; lastKnownFileType = text.xcconfig; path = "iOS Framework.xcconfig"; sourceTree = "<group>"; };
		244DE80F19A91A4A00A91DC7 /* iOS Static Library.xcconfig */ = {isa = PBXFileReference; lastKnownFileType = text.xcconfig; path = "iOS Static Library.xcconfig"; sourceTree = "<group>"; };
		244DE81019A91A4A00A91DC7 /* iOS Tests.xcconfig */ = {isa = PBXFileReference; lastKnownFileType = text.xcconfig; path = "iOS Tests.xcconfig"; sourceTree = "<group>"; };
		244DE81119A91A4A00A91DC7 /* OS X Framework.xcconfig */ = {isa = PBXFileReference; lastKnownFileType = text.xcconfig; path = "OS X Framework.xcconfig"; sourceTree = "<group>"; };
		244DE81219A91A4A00A91DC7 /* Release.xcconfig */ = {isa = PBXFileReference; lastKnownFileType = text.xcconfig; path = Release.xcconfig; sourceTree = "<group>"; };
		244DE81319A91A4A00A91DC7 /* Shared.xcconfig */ = {isa = PBXFileReference; lastKnownFileType = text.xcconfig; path = Shared.xcconfig; sourceTree = "<group>"; };
		2454C24616D8BD4500E97367 /* DCTOAuth2Credential.h */ = {isa = PBXFileReference; fileEncoding = 4; lastKnownFileType = sourcecode.c.h; path = DCTOAuth2Credential.h; sourceTree = "<group>"; };
		2454C24716D8BD4500E97367 /* DCTOAuth2Credential.m */ = {isa = PBXFileReference; fileEncoding = 4; lastKnownFileType = sourcecode.c.objc; path = DCTOAuth2Credential.m; sourceTree = "<group>"; };
		2454F2C01959601600E8643C /* DCTAuth.framework */ = {isa = PBXFileReference; explicitFileType = wrapper.framework; includeInIndex = 0; path = DCTAuth.framework; sourceTree = BUILT_PRODUCTS_DIR; };
		2454F2DF1959603D00E8643C /* Info.plist */ = {isa = PBXFileReference; fileEncoding = 4; lastKnownFileType = text.plist.xml; path = Info.plist; sourceTree = "<group>"; };
		2455D717163BE5E800BC6FD7 /* DCTAuthAccountSubclass.h */ = {isa = PBXFileReference; fileEncoding = 4; lastKnownFileType = sourcecode.c.h; path = DCTAuthAccountSubclass.h; sourceTree = "<group>"; };
		24561B251770733D00DD0051 /* DCTAuthKeychainTests.m */ = {isa = PBXFileReference; fileEncoding = 4; lastKnownFileType = sourcecode.c.objc; path = DCTAuthKeychainTests.m; sourceTree = "<group>"; };
		245F7C7216AF2809005B72BA /* DCTAuthResponse.h */ = {isa = PBXFileReference; fileEncoding = 4; lastKnownFileType = sourcecode.c.h; path = DCTAuthResponse.h; sourceTree = "<group>"; };
		245F7C7316AF2809005B72BA /* DCTAuthResponse.m */ = {isa = PBXFileReference; fileEncoding = 4; lastKnownFileType = sourcecode.c.objc; path = DCTAuthResponse.m; sourceTree = "<group>"; };
		246D3A8E16D77223008CDB63 /* DCTAuthAccountCredential.h */ = {isa = PBXFileReference; fileEncoding = 4; lastKnownFileType = sourcecode.c.h; path = DCTAuthAccountCredential.h; sourceTree = "<group>"; };
		246D3A8F16D7776A008CDB63 /* DCTBasicAuthCredential.h */ = {isa = PBXFileReference; fileEncoding = 4; lastKnownFileType = sourcecode.c.h; path = DCTBasicAuthCredential.h; sourceTree = "<group>"; };
		246D3A9016D7776A008CDB63 /* DCTBasicAuthCredential.m */ = {isa = PBXFileReference; fileEncoding = 4; lastKnownFileType = sourcecode.c.objc; path = DCTBasicAuthCredential.m; sourceTree = "<group>"; };
		246D3A9216D77D38008CDB63 /* DCTOAuth1Credential.h */ = {isa = PBXFileReference; fileEncoding = 4; lastKnownFileType = sourcecode.c.h; path = DCTOAuth1Credential.h; sourceTree = "<group>"; };
		246D3A9316D77D38008CDB63 /* DCTOAuth1Credential.m */ = {isa = PBXFileReference; fileEncoding = 4; lastKnownFileType = sourcecode.c.objc; path = DCTOAuth1Credential.m; sourceTree = "<group>"; };
		2484E11C176E4A1B000EB00E /* DCTAuthKeychainAccess.h */ = {isa = PBXFileReference; lastKnownFileType = sourcecode.c.h; path = DCTAuthKeychainAccess.h; sourceTree = "<group>"; };
		2484E11D176E4A1B000EB00E /* DCTAuthKeychainAccess.m */ = {isa = PBXFileReference; lastKnownFileType = sourcecode.c.objc; path = DCTAuthKeychainAccess.m; sourceTree = "<group>"; };
		249CAD1515EA1F0200FFD0D2 /* DCTAuthAccountStore.h */ = {isa = PBXFileReference; fileEncoding = 4; lastKnownFileType = sourcecode.c.h; path = DCTAuthAccountStore.h; sourceTree = "<group>"; };
		249CAD1615EA1F0200FFD0D2 /* DCTAuthAccountStore.m */ = {isa = PBXFileReference; fileEncoding = 4; lastKnownFileType = sourcecode.c.objc; path = DCTAuthAccountStore.m; sourceTree = "<group>"; };
		249CAD1915EA214700FFD0D2 /* NSData+DCTAuth.h */ = {isa = PBXFileReference; fileEncoding = 4; lastKnownFileType = sourcecode.c.h; path = "NSData+DCTAuth.h"; sourceTree = "<group>"; };
		249CAD1A15EA214700FFD0D2 /* NSData+DCTAuth.m */ = {isa = PBXFileReference; fileEncoding = 4; lastKnownFileType = sourcecode.c.objc; path = "NSData+DCTAuth.m"; sourceTree = "<group>"; };
		249CAD1D15EA235D00FFD0D2 /* DCTOAuth2Account.h */ = {isa = PBXFileReference; fileEncoding = 4; lastKnownFileType = sourcecode.c.h; path = DCTOAuth2Account.h; sourceTree = "<group>"; };
		249CAD1E15EA235E00FFD0D2 /* DCTOAuth2Account.m */ = {isa = PBXFileReference; fileEncoding = 4; lastKnownFileType = sourcecode.c.objc; path = DCTOAuth2Account.m; sourceTree = "<group>"; };
		249CAD2015EA236B00FFD0D2 /* DCTOAuth1Account.h */ = {isa = PBXFileReference; fileEncoding = 4; lastKnownFileType = sourcecode.c.h; path = DCTOAuth1Account.h; sourceTree = "<group>"; };
		249CAD2115EA236B00FFD0D2 /* DCTOAuth1Account.m */ = {isa = PBXFileReference; fileEncoding = 4; lastKnownFileType = sourcecode.c.objc; path = DCTOAuth1Account.m; sourceTree = "<group>"; };
		24A3318115F14D63004FA7E4 /* DCTAuthURLOpener.h */ = {isa = PBXFileReference; fileEncoding = 4; lastKnownFileType = sourcecode.c.h; path = DCTAuthURLOpener.h; sourceTree = "<group>"; };
		24A3318215F14D63004FA7E4 /* DCTAuthURLOpener.m */ = {isa = PBXFileReference; fileEncoding = 4; lastKnownFileType = sourcecode.c.objc; path = DCTAuthURLOpener.m; sourceTree = "<group>"; };
		24A331D615F15B93004FA7E4 /* DCTAuthPlatform.h */ = {isa = PBXFileReference; fileEncoding = 4; lastKnownFileType = sourcecode.c.h; path = DCTAuthPlatform.h; sourceTree = "<group>"; };
		24A331D715F15B93004FA7E4 /* DCTAuthPlatform.m */ = {isa = PBXFileReference; fileEncoding = 4; lastKnownFileType = sourcecode.c.objc; path = DCTAuthPlatform.m; sourceTree = "<group>"; };
		24BD53981828DC3500A6B7D9 /* DCTAuthAccountStore+Private.h */ = {isa = PBXFileReference; fileEncoding = 4; lastKnownFileType = sourcecode.c.h; path = "DCTAuthAccountStore+Private.h"; sourceTree = "<group>"; };
		24BFD672176FCB7D006BBBC8 /* DCTAuthAccount+Private.h */ = {isa = PBXFileReference; fileEncoding = 4; lastKnownFileType = sourcecode.c.h; path = "DCTAuthAccount+Private.h"; sourceTree = "<group>"; };
		24C6232C15EB932700B68FAD /* DCTAuth.m */ = {isa = PBXFileReference; fileEncoding = 4; lastKnownFileType = sourcecode.c.objc; path = DCTAuth.m; sourceTree = "<group>"; };
		24C6238815EBBB8800B68FAD /* NSDictionary+DCTAuth.h */ = {isa = PBXFileReference; fileEncoding = 4; lastKnownFileType = sourcecode.c.h; path = "NSDictionary+DCTAuth.h"; sourceTree = "<group>"; };
		24C6238915EBBB8800B68FAD /* NSDictionary+DCTAuth.m */ = {isa = PBXFileReference; fileEncoding = 4; lastKnownFileType = sourcecode.c.objc; path = "NSDictionary+DCTAuth.m"; sourceTree = "<group>"; };
		24DAD32315FCC776004FD601 /* DCTAuthURLTests.m */ = {isa = PBXFileReference; fileEncoding = 4; lastKnownFileType = sourcecode.c.objc; path = DCTAuthURLTests.m; sourceTree = "<group>"; };
		24F0B50018D76990005BC619 /* DCTCertificateAccount.h */ = {isa = PBXFileReference; fileEncoding = 4; lastKnownFileType = sourcecode.c.h; path = DCTCertificateAccount.h; sourceTree = "<group>"; };
		24F0B50118D76990005BC619 /* DCTCertificateAccount.m */ = {isa = PBXFileReference; fileEncoding = 4; lastKnownFileType = sourcecode.c.objc; path = DCTCertificateAccount.m; sourceTree = "<group>"; };
		24F0B50318D76AA8005BC619 /* DCTCertificateCredential.h */ = {isa = PBXFileReference; fileEncoding = 4; lastKnownFileType = sourcecode.c.h; path = DCTCertificateCredential.h; sourceTree = "<group>"; };
		24F0B50418D76AA8005BC619 /* DCTCertificateCredential.m */ = {isa = PBXFileReference; fileEncoding = 4; lastKnownFileType = sourcecode.c.objc; path = DCTCertificateCredential.m; sourceTree = "<group>"; };
		24F0B50C18D78A74005BC619 /* DCTCertificateAuthURLProtocol.h */ = {isa = PBXFileReference; fileEncoding = 4; lastKnownFileType = sourcecode.c.h; path = DCTCertificateAuthURLProtocol.h; sourceTree = "<group>"; };
		24F0B50D18D78A74005BC619 /* DCTCertificateAuthURLProtocol.m */ = {isa = PBXFileReference; fileEncoding = 4; lastKnownFileType = sourcecode.c.objc; path = DCTCertificateAuthURLProtocol.m; sourceTree = "<group>"; };
		24FA8FE415E93D8E00E1ED99 /* libDCTAuth.a */ = {isa = PBXFileReference; explicitFileType = archive.ar; includeInIndex = 0; path = libDCTAuth.a; sourceTree = BUILT_PRODUCTS_DIR; };
		24FA8FEC15E93D8E00E1ED99 /* DCTAuth.h */ = {isa = PBXFileReference; lastKnownFileType = sourcecode.c.h; path = DCTAuth.h; sourceTree = "<group>"; };
		24FA8FF515E93D8E00E1ED99 /* DCTAuth Tests.xctest */ = {isa = PBXFileReference; explicitFileType = wrapper.cfbundle; includeInIndex = 0; path = "DCTAuth Tests.xctest"; sourceTree = BUILT_PRODUCTS_DIR; };
		24FA900015E93D8E00E1ED99 /* Info.plist */ = {isa = PBXFileReference; lastKnownFileType = text.plist.xml; path = Info.plist; sourceTree = "<group>"; };
		24FA900515E93D8E00E1ED99 /* DCTOAuthSignatureTests.m */ = {isa = PBXFileReference; lastKnownFileType = sourcecode.c.objc; path = DCTOAuthSignatureTests.m; sourceTree = "<group>"; };
		24FA901315E93E0200E1ED99 /* DCTAuth Demo.app */ = {isa = PBXFileReference; explicitFileType = wrapper.application; includeInIndex = 0; path = "DCTAuth Demo.app"; sourceTree = BUILT_PRODUCTS_DIR; };
		24FA901B15E93E0200E1ED99 /* Info.plist */ = {isa = PBXFileReference; lastKnownFileType = text.plist.xml; path = Info.plist; sourceTree = "<group>"; };
		24FA901F15E93E0200E1ED99 /* main.m */ = {isa = PBXFileReference; lastKnownFileType = sourcecode.c.objc; path = main.m; sourceTree = "<group>"; };
		24FA902215E93E0200E1ED99 /* AppDelegate.h */ = {isa = PBXFileReference; lastKnownFileType = sourcecode.c.h; path = AppDelegate.h; sourceTree = "<group>"; };
		24FA902315E93E0200E1ED99 /* AppDelegate.m */ = {isa = PBXFileReference; lastKnownFileType = sourcecode.c.objc; path = AppDelegate.m; sourceTree = "<group>"; };
		24FA902815E93E1F00E1ED99 /* DCTAuthAccount.h */ = {isa = PBXFileReference; fileEncoding = 4; lastKnownFileType = sourcecode.c.h; path = DCTAuthAccount.h; sourceTree = "<group>"; };
		24FA902915E93E1F00E1ED99 /* DCTAuthAccount.m */ = {isa = PBXFileReference; fileEncoding = 4; lastKnownFileType = sourcecode.c.objc; path = DCTAuthAccount.m; sourceTree = "<group>"; };
		24FA902A15E93E1F00E1ED99 /* DCTAuthRequest.h */ = {isa = PBXFileReference; fileEncoding = 4; lastKnownFileType = sourcecode.c.h; path = DCTAuthRequest.h; sourceTree = "<group>"; };
		24FA902B15E93E1F00E1ED99 /* DCTAuthRequest.m */ = {isa = PBXFileReference; fileEncoding = 4; lastKnownFileType = sourcecode.c.objc; path = DCTAuthRequest.m; sourceTree = "<group>"; };
		24FA902E15E93E1F00E1ED99 /* DCTOAuthSignature.h */ = {isa = PBXFileReference; fileEncoding = 4; lastKnownFileType = sourcecode.c.h; path = DCTOAuthSignature.h; sourceTree = "<group>"; };
		24FA902F15E93E1F00E1ED99 /* DCTOAuthSignature.m */ = {isa = PBXFileReference; fileEncoding = 4; lastKnownFileType = sourcecode.c.objc; path = DCTOAuthSignature.m; sourceTree = "<group>"; };
		24FA903215E93E1F00E1ED99 /* NSString+DCTAuth.h */ = {isa = PBXFileReference; fileEncoding = 4; lastKnownFileType = sourcecode.c.h; path = "NSString+DCTAuth.h"; sourceTree = "<group>"; };
		24FA903315E93E1F00E1ED99 /* NSString+DCTAuth.m */ = {isa = PBXFileReference; fileEncoding = 4; lastKnownFileType = sourcecode.c.objc; path = "NSString+DCTAuth.m"; sourceTree = "<group>"; };
		24FA903A15E93E2C00E1ED99 /* AuthTestViewController.h */ = {isa = PBXFileReference; fileEncoding = 4; lastKnownFileType = sourcecode.c.h; path = AuthTestViewController.h; sourceTree = "<group>"; };
		24FA903B15E93E2C00E1ED99 /* AuthTestViewController.m */ = {isa = PBXFileReference; fileEncoding = 4; lastKnownFileType = sourcecode.c.objc; path = AuthTestViewController.m; sourceTree = "<group>"; };
		24FA903C15E93E2C00E1ED99 /* AuthTestViewController.xib */ = {isa = PBXFileReference; fileEncoding = 4; lastKnownFileType = file.xib; path = AuthTestViewController.xib; sourceTree = "<group>"; };
		24FA904015E93E6C00E1ED99 /* libresolv.dylib */ = {isa = PBXFileReference; lastKnownFileType = "compiled.mach-o.dylib"; name = libresolv.dylib; path = usr/lib/libresolv.dylib; sourceTree = SDKROOT; };
/* End PBXFileReference section */

/* Begin PBXFrameworksBuildPhase section */
		244414A4173EBB320046D993 /* Frameworks */ = {
			isa = PBXFrameworksBuildPhase;
			buildActionMask = 2147483647;
			files = (
			);
			runOnlyForDeploymentPostprocessing = 0;
		};
		2454F2BC1959601600E8643C /* Frameworks */ = {
			isa = PBXFrameworksBuildPhase;
			buildActionMask = 2147483647;
			files = (
			);
			runOnlyForDeploymentPostprocessing = 0;
		};
		24FA8FF115E93D8E00E1ED99 /* Frameworks */ = {
			isa = PBXFrameworksBuildPhase;
			buildActionMask = 2147483647;
			files = (
				242BEF8519A901B30063F2F2 /* DCTAuth.framework in Frameworks */,
				2434254515F7E199002D2D37 /* libresolv.dylib in Frameworks */,
			);
			runOnlyForDeploymentPostprocessing = 0;
		};
		24FA901015E93E0200E1ED99 /* Frameworks */ = {
			isa = PBXFrameworksBuildPhase;
			buildActionMask = 2147483647;
			files = (
				242BEFBC19A907990063F2F2 /* DCTAuth.framework in Frameworks */,
				242BEF8219A900470063F2F2 /* libresolv.dylib in Frameworks */,
			);
			runOnlyForDeploymentPostprocessing = 0;
		};
/* End PBXFrameworksBuildPhase section */

/* Begin PBXGroup section */
		243B575615EE4C96007F1CA6 /* Private Categories */ = {
			isa = PBXGroup;
			children = (
				24FA903215E93E1F00E1ED99 /* NSString+DCTAuth.h */,
				24FA903315E93E1F00E1ED99 /* NSString+DCTAuth.m */,
				249CAD1915EA214700FFD0D2 /* NSData+DCTAuth.h */,
				249CAD1A15EA214700FFD0D2 /* NSData+DCTAuth.m */,
				24C6238815EBBB8800B68FAD /* NSDictionary+DCTAuth.h */,
				24C6238915EBBB8800B68FAD /* NSDictionary+DCTAuth.m */,
			);
			name = "Private Categories";
			sourceTree = "<group>";
		};
		243B575815EE4CAC007F1CA6 /* Private Classes */ = {
			isa = PBXGroup;
			children = (
				24BFD672176FCB7D006BBBC8 /* DCTAuthAccount+Private.h */,
				24BD53981828DC3500A6B7D9 /* DCTAuthAccountStore+Private.h */,
				2484E11C176E4A1B000EB00E /* DCTAuthKeychainAccess.h */,
				2484E11D176E4A1B000EB00E /* DCTAuthKeychainAccess.m */,
				2419EA3416B912B100901AA2 /* DCTAuthContentType.h */,
				2419EA3516B912B100901AA2 /* DCTAuthContentType.m */,
				24A3318115F14D63004FA7E4 /* DCTAuthURLOpener.h */,
				24A3318215F14D63004FA7E4 /* DCTAuthURLOpener.m */,
				24115A6F17F577FA00280F98 /* DCTAuthURLOpenerOperation.h */,
				24115A7017F577FA00280F98 /* DCTAuthURLOpenerOperation.m */,
				241298C616AC71310052A724 /* DCTAuthURLRequestPerformer.h */,
				241298C716AC71310052A724 /* DCTAuthURLRequestPerformer.m */,
				24A331D615F15B93004FA7E4 /* DCTAuthPlatform.h */,
				24A331D715F15B93004FA7E4 /* DCTAuthPlatform.m */,
				2443E9C415F37A2A00845950 /* DCTAuthMultipartData.h */,
				2443E9C515F37A2A00845950 /* DCTAuthMultipartData.m */,
			);
			name = "Private Classes";
			sourceTree = "<group>";
		};
		244414AA173EBB320046D993 /* DCTAuth Bundle */ = {
			isa = PBXGroup;
			children = (
				244414AC173EBB320046D993 /* Info.plist */,
				244414BA173EBC3A0046D993 /* Localizable.strings */,
			);
			path = "DCTAuth Bundle";
			sourceTree = "<group>";
		};
		244DE80A19A91A4A00A91DC7 /* Configurations */ = {
			isa = PBXGroup;
			children = (
				244DE80B19A91A4A00A91DC7 /* Debug.xcconfig */,
				244DE80C19A91A4A00A91DC7 /* iOS Application.xcconfig */,
				244DE80D19A91A4A00A91DC7 /* iOS Bundle.xcconfig */,
				244DE80E19A91A4A00A91DC7 /* iOS Framework.xcconfig */,
				244DE80F19A91A4A00A91DC7 /* iOS Static Library.xcconfig */,
				244DE81019A91A4A00A91DC7 /* iOS Tests.xcconfig */,
				244DE81119A91A4A00A91DC7 /* OS X Framework.xcconfig */,
				244DE81219A91A4A00A91DC7 /* Release.xcconfig */,
				244DE81319A91A4A00A91DC7 /* Shared.xcconfig */,
			);
			path = Configurations;
			sourceTree = "<group>";
		};
		2476FB7119DE868800E6BA00 /* OAuth 1 */ = {
			isa = PBXGroup;
			children = (
				241FBBA819F7CE090082C071 /* DCTOAuth1.h */,
				241FBBA919F7CE090082C071 /* DCTOAuth1.m */,
				24FA902E15E93E1F00E1ED99 /* DCTOAuthSignature.h */,
				24FA902F15E93E1F00E1ED99 /* DCTOAuthSignature.m */,
				249CAD2015EA236B00FFD0D2 /* DCTOAuth1Account.h */,
				249CAD2115EA236B00FFD0D2 /* DCTOAuth1Account.m */,
				246D3A9216D77D38008CDB63 /* DCTOAuth1Credential.h */,
				246D3A9316D77D38008CDB63 /* DCTOAuth1Credential.m */,
			);
			name = "OAuth 1";
			sourceTree = "<group>";
		};
		2476FB7219DE869100E6BA00 /* OAuth 2 */ = {
			isa = PBXGroup;
			children = (
				241FBB9F19F796870082C071 /* DCTOAuth2.h */,
				241FBBA019F796870082C071 /* DCTOAuth2.m */,
				249CAD1D15EA235D00FFD0D2 /* DCTOAuth2Account.h */,
				249CAD1E15EA235E00FFD0D2 /* DCTOAuth2Account.m */,
				2454C24616D8BD4500E97367 /* DCTOAuth2Credential.h */,
				2454C24716D8BD4500E97367 /* DCTOAuth2Credential.m */,
			);
			name = "OAuth 2";
			sourceTree = "<group>";
		};
		2476FB7319DE86A300E6BA00 /* Basic Authentication */ = {
			isa = PBXGroup;
			children = (
				240764B915EE3791006E0B54 /* DCTBasicAuthAccount.h */,
				240764BA15EE3791006E0B54 /* DCTBasicAuthAccount.m */,
				246D3A8F16D7776A008CDB63 /* DCTBasicAuthCredential.h */,
				246D3A9016D7776A008CDB63 /* DCTBasicAuthCredential.m */,
			);
			name = "Basic Authentication";
			sourceTree = "<group>";
		};
		2476FB7419DE86AE00E6BA00 /* Certificate Authentication */ = {
			isa = PBXGroup;
			children = (
				24F0B50018D76990005BC619 /* DCTCertificateAccount.h */,
				24F0B50118D76990005BC619 /* DCTCertificateAccount.m */,
				24F0B50318D76AA8005BC619 /* DCTCertificateCredential.h */,
				24F0B50418D76AA8005BC619 /* DCTCertificateCredential.m */,
				24F0B50C18D78A74005BC619 /* DCTCertificateAuthURLProtocol.h */,
				24F0B50D18D78A74005BC619 /* DCTCertificateAuthURLProtocol.m */,
			);
			name = "Certificate Authentication";
			sourceTree = "<group>";
		};
		24FA8FD915E93D8E00E1ED99 = {
			isa = PBXGroup;
			children = (
				24FA8FE915E93D8E00E1ED99 /* DCTAuth */,
				244414AA173EBB320046D993 /* DCTAuth Bundle */,
				24FA8FFE15E93D8E00E1ED99 /* DCTAuth Tests */,
				24FA901915E93E0200E1ED99 /* DCTAuth Demo */,
				244DE80A19A91A4A00A91DC7 /* Configurations */,
				24FA8FE615E93D8E00E1ED99 /* Frameworks */,
				24FA8FE515E93D8E00E1ED99 /* Products */,
			);
			sourceTree = "<group>";
		};
		24FA8FE515E93D8E00E1ED99 /* Products */ = {
			isa = PBXGroup;
			children = (
				24FA8FE415E93D8E00E1ED99 /* libDCTAuth.a */,
				24FA8FF515E93D8E00E1ED99 /* DCTAuth Tests.xctest */,
				24FA901315E93E0200E1ED99 /* DCTAuth Demo.app */,
				244414A7173EBB320046D993 /* DCTAuth.bundle */,
				2454F2C01959601600E8643C /* DCTAuth.framework */,
			);
			name = Products;
			sourceTree = "<group>";
		};
		24FA8FE615E93D8E00E1ED99 /* Frameworks */ = {
			isa = PBXGroup;
			children = (
				24FA904015E93E6C00E1ED99 /* libresolv.dylib */,
			);
			name = Frameworks;
			sourceTree = "<group>";
		};
		24FA8FE915E93D8E00E1ED99 /* DCTAuth */ = {
			isa = PBXGroup;
			children = (
				2454F2DF1959603D00E8643C /* Info.plist */,
				24FA8FEC15E93D8E00E1ED99 /* DCTAuth.h */,
				24C6232C15EB932700B68FAD /* DCTAuth.m */,
				24FA902815E93E1F00E1ED99 /* DCTAuthAccount.h */,
				24FA902915E93E1F00E1ED99 /* DCTAuthAccount.m */,
				246D3A8E16D77223008CDB63 /* DCTAuthAccountCredential.h */,
				249CAD1515EA1F0200FFD0D2 /* DCTAuthAccountStore.h */,
				249CAD1615EA1F0200FFD0D2 /* DCTAuthAccountStore.m */,
				2455D717163BE5E800BC6FD7 /* DCTAuthAccountSubclass.h */,
				24FA902A15E93E1F00E1ED99 /* DCTAuthRequest.h */,
				24FA902B15E93E1F00E1ED99 /* DCTAuthRequest.m */,
				241FBB9919F6D6540082C071 /* DCTAuthRequestMethod.h */,
				241FBB9A19F6D6540082C071 /* DCTAuthRequestMethod.m */,
				245F7C7216AF2809005B72BA /* DCTAuthResponse.h */,
				245F7C7316AF2809005B72BA /* DCTAuthResponse.m */,
				243B575815EE4CAC007F1CA6 /* Private Classes */,
				2476FB7119DE868800E6BA00 /* OAuth 1 */,
				2476FB7219DE869100E6BA00 /* OAuth 2 */,
				2476FB7319DE86A300E6BA00 /* Basic Authentication */,
				2476FB7419DE86AE00E6BA00 /* Certificate Authentication */,
				243B575615EE4C96007F1CA6 /* Private Categories */,
			);
			path = DCTAuth;
			sourceTree = "<group>";
		};
		24FA8FFE15E93D8E00E1ED99 /* DCTAuth Tests */ = {
			isa = PBXGroup;
			children = (
				24FA900015E93D8E00E1ED99 /* Info.plist */,
				24FA900515E93D8E00E1ED99 /* DCTOAuthSignatureTests.m */,
				24DAD32315FCC776004FD601 /* DCTAuthURLTests.m */,
				2419EA3816B918BD00901AA2 /* DCTAuthContentTypeTests.m */,
				24561B251770733D00DD0051 /* DCTAuthKeychainTests.m */,
			);
			path = "DCTAuth Tests";
			sourceTree = "<group>";
		};
		24FA901915E93E0200E1ED99 /* DCTAuth Demo */ = {
			isa = PBXGroup;
			children = (
				24FA902215E93E0200E1ED99 /* AppDelegate.h */,
				24FA902315E93E0200E1ED99 /* AppDelegate.m */,
				24FA903A15E93E2C00E1ED99 /* AuthTestViewController.h */,
				24FA903B15E93E2C00E1ED99 /* AuthTestViewController.m */,
				24FA903C15E93E2C00E1ED99 /* AuthTestViewController.xib */,
				24FA901B15E93E0200E1ED99 /* Info.plist */,
				242BEF8319A9012D0063F2F2 /* Images.xcassets */,
				24FA901F15E93E0200E1ED99 /* main.m */,
			);
			path = "DCTAuth Demo";
			sourceTree = "<group>";
		};
/* End PBXGroup section */

/* Begin PBXHeadersBuildPhase section */
		2454F2BD1959601600E8643C /* Headers */ = {
			isa = PBXHeadersBuildPhase;
			buildActionMask = 2147483647;
			files = (
				2454F2EF195960A800E8643C /* DCTAuthURLRequestPerformer.h in Headers */,
				2454F2FD195960B100E8643C /* NSData+DCTAuth.h in Headers */,
				2454F2FA195960A800E8643C /* DCTCertificateCredential.h in Headers */,
				2454F2FE195960B100E8643C /* NSDictionary+DCTAuth.h in Headers */,
				2454F2F9195960A800E8643C /* DCTCertificateAccount.h in Headers */,
				241FBB9B19F6D6540082C071 /* DCTAuthRequestMethod.h in Headers */,
				2454F2ED195960A800E8643C /* DCTAuthURLOpener.h in Headers */,
				2454F2FB195960A800E8643C /* DCTCertificateAuthURLProtocol.h in Headers */,
				2454F2EC195960A800E8643C /* DCTAuthContentType.h in Headers */,
				2454F2E11959608A00E8643C /* DCTAuth.h in Headers */,
				2454F2E21959608A00E8643C /* DCTAuthAccount.h in Headers */,
				2454F2F1195960A800E8643C /* DCTAuthMultipartData.h in Headers */,
				2454F2E41959608A00E8643C /* DCTAuthAccountCredential.h in Headers */,
				2454F2E51959608A00E8643C /* DCTAuthAccountStore.h in Headers */,
				241FBBAA19F7CE090082C071 /* DCTOAuth1.h in Headers */,
				2454F2EE195960A800E8643C /* DCTAuthURLOpenerOperation.h in Headers */,
				2454F2F7195960A800E8643C /* DCTBasicAuthAccount.h in Headers */,
				2454F2F0195960A800E8643C /* DCTAuthPlatform.h in Headers */,
				2454F2F4195960A800E8643C /* DCTOAuth1Credential.h in Headers */,
				2454F2F3195960A800E8643C /* DCTOAuth1Account.h in Headers */,
				2454F2F2195960A800E8643C /* DCTOAuthSignature.h in Headers */,
				2454F2E71959608A00E8643C /* DCTAuthRequest.h in Headers */,
				2454F2F8195960A800E8643C /* DCTBasicAuthCredential.h in Headers */,
				2454F2E61959608A00E8643C /* DCTAuthAccountSubclass.h in Headers */,
				2454F2F5195960A800E8643C /* DCTOAuth2Account.h in Headers */,
				2454F2E9195960A800E8643C /* DCTAuthAccount+Private.h in Headers */,
				2454F2EB195960A800E8643C /* DCTAuthKeychainAccess.h in Headers */,
				2454F2FC195960B100E8643C /* NSString+DCTAuth.h in Headers */,
				241FBBA119F796870082C071 /* DCTOAuth2.h in Headers */,
				2454F2EA195960A800E8643C /* DCTAuthAccountStore+Private.h in Headers */,
				2454F2F6195960A800E8643C /* DCTOAuth2Credential.h in Headers */,
				2454F2E81959608A00E8643C /* DCTAuthResponse.h in Headers */,
			);
			runOnlyForDeploymentPostprocessing = 0;
		};
/* End PBXHeadersBuildPhase section */

/* Begin PBXNativeTarget section */
		244414A6173EBB320046D993 /* DCTAuth Bundle */ = {
			isa = PBXNativeTarget;
			buildConfigurationList = 244414B3173EBB320046D993 /* Build configuration list for PBXNativeTarget "DCTAuth Bundle" */;
			buildPhases = (
				244414A3173EBB320046D993 /* Sources */,
				244414A4173EBB320046D993 /* Frameworks */,
				244414A5173EBB320046D993 /* Resources */,
			);
			buildRules = (
			);
			dependencies = (
			);
			name = "DCTAuth Bundle";
			productName = DCTAuthBundle;
			productReference = 244414A7173EBB320046D993 /* DCTAuth.bundle */;
			productType = "com.apple.product-type.bundle";
		};
		2454F2BF1959601600E8643C /* DCTAuth iOS */ = {
			isa = PBXNativeTarget;
			buildConfigurationList = 2454F2D71959601600E8643C /* Build configuration list for PBXNativeTarget "DCTAuth iOS" */;
			buildPhases = (
				2454F2BB1959601600E8643C /* Sources */,
				2454F2BC1959601600E8643C /* Frameworks */,
				2454F2BD1959601600E8643C /* Headers */,
				2454F2BE1959601600E8643C /* Resources */,
			);
			buildRules = (
			);
			dependencies = (
			);
			name = "DCTAuth iOS";
			productName = "DCTAuth iOS";
			productReference = 2454F2C01959601600E8643C /* DCTAuth.framework */;
			productType = "com.apple.product-type.framework";
		};
		24FA8FE315E93D8E00E1ED99 /* DCTAuth */ = {
			isa = PBXNativeTarget;
			buildConfigurationList = 24FA900915E93D8E00E1ED99 /* Build configuration list for PBXNativeTarget "DCTAuth" */;
			buildPhases = (
				24FA8FE015E93D8E00E1ED99 /* Sources */,
				24FA8FE215E93D8E00E1ED99 /* CopyFiles */,
				24A423CD18CFB98F003C735E /* Documentation */,
			);
			buildRules = (
			);
			dependencies = (
				244414B5173EBB660046D993 /* PBXTargetDependency */,
			);
			name = DCTAuth;
			productName = DCTOAuth;
			productReference = 24FA8FE415E93D8E00E1ED99 /* libDCTAuth.a */;
			productType = "com.apple.product-type.library.static";
		};
		24FA8FF415E93D8E00E1ED99 /* DCTAuth Tests */ = {
			isa = PBXNativeTarget;
			buildConfigurationList = 24FA900C15E93D8E00E1ED99 /* Build configuration list for PBXNativeTarget "DCTAuth Tests" */;
			buildPhases = (
				24FA8FF015E93D8E00E1ED99 /* Sources */,
				24FA8FF115E93D8E00E1ED99 /* Frameworks */,
				24FA8FF215E93D8E00E1ED99 /* Resources */,
				24FA8FF315E93D8E00E1ED99 /* ShellScript */,
			);
			buildRules = (
			);
			dependencies = (
				242BEF8719A902540063F2F2 /* PBXTargetDependency */,
			);
			name = "DCTAuth Tests";
			productName = DCTOAuthTests;
			productReference = 24FA8FF515E93D8E00E1ED99 /* DCTAuth Tests.xctest */;
			productType = "com.apple.product-type.bundle.unit-test";
		};
		24FA901215E93E0200E1ED99 /* DCTAuth Demo */ = {
			isa = PBXNativeTarget;
			buildConfigurationList = 24FA902515E93E0200E1ED99 /* Build configuration list for PBXNativeTarget "DCTAuth Demo" */;
			buildPhases = (
				24FA900F15E93E0200E1ED99 /* Sources */,
				24FA901015E93E0200E1ED99 /* Frameworks */,
				24FA901115E93E0200E1ED99 /* Resources */,
				242BEFC019A9079A0063F2F2 /* Embed Frameworks */,
			);
			buildRules = (
			);
			dependencies = (
				242BEFBF19A9079A0063F2F2 /* PBXTargetDependency */,
			);
			name = "DCTAuth Demo";
			productName = "DCTOAuth Demo";
			productReference = 24FA901315E93E0200E1ED99 /* DCTAuth Demo.app */;
			productType = "com.apple.product-type.application";
		};
/* End PBXNativeTarget section */

/* Begin PBXProject section */
		24FA8FDB15E93D8E00E1ED99 /* Project object */ = {
			isa = PBXProject;
			attributes = {
				LastUpgradeCheck = 0600;
				ORGANIZATIONNAME = "Daniel Tull";
				TargetAttributes = {
					2454F2BF1959601600E8643C = {
						CreatedOnToolsVersion = 6.0;
					};
				};
			};
			buildConfigurationList = 24FA8FDE15E93D8E00E1ED99 /* Build configuration list for PBXProject "DCTAuth" */;
			compatibilityVersion = "Xcode 3.2";
			developmentRegion = English;
			hasScannedForEncodings = 0;
			knownRegions = (
				en,
			);
			mainGroup = 24FA8FD915E93D8E00E1ED99;
			productRefGroup = 24FA8FE515E93D8E00E1ED99 /* Products */;
			projectDirPath = "";
			projectRoot = "";
			targets = (
				24FA8FE315E93D8E00E1ED99 /* DCTAuth */,
				2454F2BF1959601600E8643C /* DCTAuth iOS */,
				244414A6173EBB320046D993 /* DCTAuth Bundle */,
				24FA901215E93E0200E1ED99 /* DCTAuth Demo */,
				24FA8FF415E93D8E00E1ED99 /* DCTAuth Tests */,
			);
		};
/* End PBXProject section */

/* Begin PBXResourcesBuildPhase section */
		244414A5173EBB320046D993 /* Resources */ = {
			isa = PBXResourcesBuildPhase;
			buildActionMask = 2147483647;
			files = (
				244414B8173EBC3A0046D993 /* Localizable.strings in Resources */,
			);
			runOnlyForDeploymentPostprocessing = 0;
		};
		2454F2BE1959601600E8643C /* Resources */ = {
			isa = PBXResourcesBuildPhase;
			buildActionMask = 2147483647;
			files = (
				2454F3121959610500E8643C /* Localizable.strings in Resources */,
			);
			runOnlyForDeploymentPostprocessing = 0;
		};
		24FA8FF215E93D8E00E1ED99 /* Resources */ = {
			isa = PBXResourcesBuildPhase;
			buildActionMask = 2147483647;
			files = (
			);
			runOnlyForDeploymentPostprocessing = 0;
		};
		24FA901115E93E0200E1ED99 /* Resources */ = {
			isa = PBXResourcesBuildPhase;
			buildActionMask = 2147483647;
			files = (
				24FA903E15E93E2C00E1ED99 /* AuthTestViewController.xib in Resources */,
				242BEF8419A9012D0063F2F2 /* Images.xcassets in Resources */,
			);
			runOnlyForDeploymentPostprocessing = 0;
		};
/* End PBXResourcesBuildPhase section */

/* Begin PBXShellScriptBuildPhase section */
		24A423CD18CFB98F003C735E /* Documentation */ = {
			isa = PBXShellScriptBuildPhase;
			buildActionMask = 2147483647;
			files = (
			);
			inputPaths = (
			);
			name = Documentation;
			outputPaths = (
			);
			runOnlyForDeploymentPostprocessing = 0;
			shellPath = /bin/sh;
			shellScript = "# Add this to Xcode's PATH to find homebrew installation\nPATH=$PATH:/usr/local/bin\n\nappledoc=`which appledoc`\n\nif [ $appledoc ]; then\n\ncompany=\"Daniel Tull\";\ncompanyID=\"uk.co.danieltull\";\ncompanyURL=\"http://danieltull.co.uk\";\nuuid=`uuidgen`\necho ${uuid}\noutputPath=\"/tmp/${uuid}\";\n\n$appledoc \\\n--project-name \"${PRODUCT_NAME}\" \\\n--project-company \"${company}\" \\\n--company-id \"${companyID}\" \\\n--output \"${outputPath}\" \\\n--create-docset \\\n--install-docset \\\n--create-html \\\n--docset-platform-family \"iphoneos\" \\\n--exit-threshold 2 \\\n--no-repeat-first-par \\\n\"${BUILT_PRODUCTS_DIR}/include/${PRODUCT_NAME}\"\n\nrm -rf ${outputPath}\n\nelse\n\necho \"appledoc not found.\"\n\nfi;\n";
		};
		24FA8FF315E93D8E00E1ED99 /* ShellScript */ = {
			isa = PBXShellScriptBuildPhase;
			buildActionMask = 2147483647;
			files = (
			);
			inputPaths = (
			);
			outputPaths = (
			);
			runOnlyForDeploymentPostprocessing = 0;
			shellPath = /bin/sh;
			shellScript = "# Run the unit tests in this test bundle.\n\"${SYSTEM_DEVELOPER_DIR}/Tools/RunUnitTests\"\n";
		};
/* End PBXShellScriptBuildPhase section */

/* Begin PBXSourcesBuildPhase section */
		244414A3173EBB320046D993 /* Sources */ = {
			isa = PBXSourcesBuildPhase;
			buildActionMask = 2147483647;
			files = (
			);
			runOnlyForDeploymentPostprocessing = 0;
		};
		2454F2BB1959601600E8643C /* Sources */ = {
			isa = PBXSourcesBuildPhase;
			buildActionMask = 2147483647;
			files = (
				2454F3131959615800E8643C /* DCTAuth.m in Sources */,
				2454F3141959615800E8643C /* DCTAuthAccount.m in Sources */,
				2454F3151959615800E8643C /* DCTAuthAccountStore.m in Sources */,
				241FBBAC19F7CE090082C071 /* DCTOAuth1.m in Sources */,
				2454F3161959615800E8643C /* DCTAuthRequest.m in Sources */,
				2454F3171959615800E8643C /* DCTAuthResponse.m in Sources */,
				2454F3181959615800E8643C /* DCTAuthKeychainAccess.m in Sources */,
				2454F3191959615800E8643C /* DCTAuthContentType.m in Sources */,
				2454F31A1959615800E8643C /* DCTAuthURLOpener.m in Sources */,
				2454F31B1959615800E8643C /* DCTAuthURLOpenerOperation.m in Sources */,
				2454F31C1959615800E8643C /* DCTAuthURLRequestPerformer.m in Sources */,
				2454F31D1959615800E8643C /* DCTAuthPlatform.m in Sources */,
				2454F31E1959615800E8643C /* DCTAuthMultipartData.m in Sources */,
				2454F31F1959615800E8643C /* DCTOAuthSignature.m in Sources */,
				2454F3201959615800E8643C /* DCTOAuth1Account.m in Sources */,
				2454F3211959615800E8643C /* DCTOAuth1Credential.m in Sources */,
				241FBBA319F796870082C071 /* DCTOAuth2.m in Sources */,
				2454F3221959615800E8643C /* DCTOAuth2Account.m in Sources */,
				2454F3231959615800E8643C /* DCTOAuth2Credential.m in Sources */,
				2454F3241959615800E8643C /* DCTBasicAuthAccount.m in Sources */,
				2454F3251959615800E8643C /* DCTBasicAuthCredential.m in Sources */,
				2454F3261959615800E8643C /* DCTCertificateAccount.m in Sources */,
				2454F3271959615800E8643C /* DCTCertificateCredential.m in Sources */,
				2454F3281959615800E8643C /* DCTCertificateAuthURLProtocol.m in Sources */,
				241FBB9D19F6D6540082C071 /* DCTAuthRequestMethod.m in Sources */,
				2454F3291959615800E8643C /* NSString+DCTAuth.m in Sources */,
				2454F32A1959615800E8643C /* NSData+DCTAuth.m in Sources */,
				2454F32B1959615800E8643C /* NSDictionary+DCTAuth.m in Sources */,
			);
			runOnlyForDeploymentPostprocessing = 0;
		};
		24FA8FE015E93D8E00E1ED99 /* Sources */ = {
			isa = PBXSourcesBuildPhase;
			buildActionMask = 2147483647;
			files = (
				241FBBA219F796870082C071 /* DCTOAuth2.m in Sources */,
				24FA903415E93E1F00E1ED99 /* DCTAuthAccount.m in Sources */,
				24FA903515E93E1F00E1ED99 /* DCTAuthRequest.m in Sources */,
				241FBBAB19F7CE090082C071 /* DCTOAuth1.m in Sources */,
				24FA903715E93E1F00E1ED99 /* DCTOAuthSignature.m in Sources */,
				24FA903915E93E1F00E1ED99 /* NSString+DCTAuth.m in Sources */,
				249CAD1715EA1F0200FFD0D2 /* DCTAuthAccountStore.m in Sources */,
				2484E11E176E4A91000EB00E /* DCTAuthKeychainAccess.m in Sources */,
				249CAD1B15EA214700FFD0D2 /* NSData+DCTAuth.m in Sources */,
				249CAD1F15EA235E00FFD0D2 /* DCTOAuth2Account.m in Sources */,
				249CAD2215EA236B00FFD0D2 /* DCTOAuth1Account.m in Sources */,
				24C6232D15EB932700B68FAD /* DCTAuth.m in Sources */,
				24C6238C15EBBB8800B68FAD /* NSDictionary+DCTAuth.m in Sources */,
				240764BB15EE3791006E0B54 /* DCTBasicAuthAccount.m in Sources */,
				24A3318315F14D63004FA7E4 /* DCTAuthURLOpener.m in Sources */,
				24F0B50218D76990005BC619 /* DCTCertificateAccount.m in Sources */,
				24F0B50518D76AA8005BC619 /* DCTCertificateCredential.m in Sources */,
				24F0B50E18D78A74005BC619 /* DCTCertificateAuthURLProtocol.m in Sources */,
				24A331D815F15B93004FA7E4 /* DCTAuthPlatform.m in Sources */,
				2443E9C615F37A2A00845950 /* DCTAuthMultipartData.m in Sources */,
				241298C816AC71310052A724 /* DCTAuthURLRequestPerformer.m in Sources */,
				245F7C7416AF2809005B72BA /* DCTAuthResponse.m in Sources */,
				2419EA3616B912B100901AA2 /* DCTAuthContentType.m in Sources */,
				246D3A9116D7776A008CDB63 /* DCTBasicAuthCredential.m in Sources */,
				241FBB9C19F6D6540082C071 /* DCTAuthRequestMethod.m in Sources */,
				246D3A9416D77D38008CDB63 /* DCTOAuth1Credential.m in Sources */,
				24115A7117F577FA00280F98 /* DCTAuthURLOpenerOperation.m in Sources */,
				2454C24816D8BD4500E97367 /* DCTOAuth2Credential.m in Sources */,
			);
			runOnlyForDeploymentPostprocessing = 0;
		};
		24FA8FF015E93D8E00E1ED99 /* Sources */ = {
			isa = PBXSourcesBuildPhase;
			buildActionMask = 2147483647;
			files = (
				24FA900615E93D8E00E1ED99 /* DCTOAuthSignatureTests.m in Sources */,
				24561B261770733D00DD0051 /* DCTAuthKeychainTests.m in Sources */,
				2419EA3916B918BD00901AA2 /* DCTAuthContentTypeTests.m in Sources */,
			);
			runOnlyForDeploymentPostprocessing = 0;
		};
		24FA900F15E93E0200E1ED99 /* Sources */ = {
			isa = PBXSourcesBuildPhase;
			buildActionMask = 2147483647;
			files = (
				24FA902015E93E0200E1ED99 /* main.m in Sources */,
				24FA902415E93E0200E1ED99 /* AppDelegate.m in Sources */,
				24FA903D15E93E2C00E1ED99 /* AuthTestViewController.m in Sources */,
			);
			runOnlyForDeploymentPostprocessing = 0;
		};
/* End PBXSourcesBuildPhase section */

/* Begin PBXTargetDependency section */
		242BEF8719A902540063F2F2 /* PBXTargetDependency */ = {
			isa = PBXTargetDependency;
			target = 24FA901215E93E0200E1ED99 /* DCTAuth Demo */;
			targetProxy = 242BEF8619A902540063F2F2 /* PBXContainerItemProxy */;
		};
		242BEFBF19A9079A0063F2F2 /* PBXTargetDependency */ = {
			isa = PBXTargetDependency;
			target = 2454F2BF1959601600E8643C /* DCTAuth iOS */;
			targetProxy = 242BEFBE19A9079A0063F2F2 /* PBXContainerItemProxy */;
		};
		244414B5173EBB660046D993 /* PBXTargetDependency */ = {
			isa = PBXTargetDependency;
			target = 244414A6173EBB320046D993 /* DCTAuth Bundle */;
			targetProxy = 244414B4173EBB660046D993 /* PBXContainerItemProxy */;
		};
/* End PBXTargetDependency section */

/* Begin PBXVariantGroup section */
		244414BA173EBC3A0046D993 /* Localizable.strings */ = {
			isa = PBXVariantGroup;
			children = (
				244414B9173EBC3A0046D993 /* en */,
			);
			name = Localizable.strings;
			sourceTree = "<group>";
		};
/* End PBXVariantGroup section */

/* Begin XCBuildConfiguration section */
		244414B1173EBB320046D993 /* Debug */ = {
			isa = XCBuildConfiguration;
			baseConfigurationReference = 244DE80D19A91A4A00A91DC7 /* iOS Bundle.xcconfig */;
			buildSettings = {
				PRODUCT_NAME = DCTAuth;
			};
			name = Debug;
		};
		244414B2173EBB320046D993 /* Release */ = {
			isa = XCBuildConfiguration;
			baseConfigurationReference = 244DE80D19A91A4A00A91DC7 /* iOS Bundle.xcconfig */;
			buildSettings = {
				PRODUCT_NAME = DCTAuth;
			};
			name = Release;
		};
		2454F2D31959601600E8643C /* Debug */ = {
			isa = XCBuildConfiguration;
			baseConfigurationReference = 244DE80E19A91A4A00A91DC7 /* iOS Framework.xcconfig */;
			buildSettings = {
				APPLICATION_EXTENSION_API_ONLY = NO;
				CURRENT_PROJECT_VERSION = 1;
				DYLIB_COMPATIBILITY_VERSION = 1;
				DYLIB_CURRENT_VERSION = 1;
				PRODUCT_NAME = DCTAuth;
			};
			name = Debug;
		};
		2454F2D41959601600E8643C /* Release */ = {
			isa = XCBuildConfiguration;
			baseConfigurationReference = 244DE80E19A91A4A00A91DC7 /* iOS Framework.xcconfig */;
			buildSettings = {
				APPLICATION_EXTENSION_API_ONLY = NO;
				CURRENT_PROJECT_VERSION = 1;
				DYLIB_COMPATIBILITY_VERSION = 1;
				DYLIB_CURRENT_VERSION = 1;
				PRODUCT_NAME = DCTAuth;
			};
			name = Release;
		};
		24FA900715E93D8E00E1ED99 /* Debug */ = {
			isa = XCBuildConfiguration;
			baseConfigurationReference = 244DE80B19A91A4A00A91DC7 /* Debug.xcconfig */;
			buildSettings = {
				ONLY_ACTIVE_ARCH = YES;
			};
			name = Debug;
		};
		24FA900815E93D8E00E1ED99 /* Release */ = {
			isa = XCBuildConfiguration;
			baseConfigurationReference = 244DE81219A91A4A00A91DC7 /* Release.xcconfig */;
			buildSettings = {
			};
			name = Release;
		};
		24FA900A15E93D8E00E1ED99 /* Debug */ = {
			isa = XCBuildConfiguration;
			baseConfigurationReference = 244DE80F19A91A4A00A91DC7 /* iOS Static Library.xcconfig */;
			buildSettings = {
			};
			name = Debug;
		};
		24FA900B15E93D8E00E1ED99 /* Release */ = {
			isa = XCBuildConfiguration;
			baseConfigurationReference = 244DE80F19A91A4A00A91DC7 /* iOS Static Library.xcconfig */;
			buildSettings = {
			};
			name = Release;
		};
		24FA900D15E93D8E00E1ED99 /* Debug */ = {
			isa = XCBuildConfiguration;
			baseConfigurationReference = 244DE81019A91A4A00A91DC7 /* iOS Tests.xcconfig */;
			buildSettings = {
			};
			name = Debug;
		};
		24FA900E15E93D8E00E1ED99 /* Release */ = {
			isa = XCBuildConfiguration;
			baseConfigurationReference = 244DE81019A91A4A00A91DC7 /* iOS Tests.xcconfig */;
			buildSettings = {
			};
			name = Release;
		};
		24FA902615E93E0200E1ED99 /* Debug */ = {
			isa = XCBuildConfiguration;
			baseConfigurationReference = 244DE80C19A91A4A00A91DC7 /* iOS Application.xcconfig */;
			buildSettings = {
				IPHONEOS_DEPLOYMENT_TARGET = 8.0;
				LD_RUNPATH_SEARCH_PATHS = "$(inherited) @executable_path/Frameworks";
			};
			name = Debug;
		};
		24FA902715E93E0200E1ED99 /* Release */ = {
			isa = XCBuildConfiguration;
			baseConfigurationReference = 244DE80C19A91A4A00A91DC7 /* iOS Application.xcconfig */;
			buildSettings = {
				IPHONEOS_DEPLOYMENT_TARGET = 8.0;
				LD_RUNPATH_SEARCH_PATHS = "$(inherited) @executable_path/Frameworks";
			};
			name = Release;
		};
/* End XCBuildConfiguration section */

/* Begin XCConfigurationList section */
		244414B3173EBB320046D993 /* Build configuration list for PBXNativeTarget "DCTAuth Bundle" */ = {
			isa = XCConfigurationList;
			buildConfigurations = (
				244414B1173EBB320046D993 /* Debug */,
				244414B2173EBB320046D993 /* Release */,
			);
			defaultConfigurationIsVisible = 0;
			defaultConfigurationName = Release;
		};
		2454F2D71959601600E8643C /* Build configuration list for PBXNativeTarget "DCTAuth iOS" */ = {
			isa = XCConfigurationList;
			buildConfigurations = (
				2454F2D31959601600E8643C /* Debug */,
				2454F2D41959601600E8643C /* Release */,
			);
			defaultConfigurationIsVisible = 0;
			defaultConfigurationName = Release;
		};
		24FA8FDE15E93D8E00E1ED99 /* Build configuration list for PBXProject "DCTAuth" */ = {
			isa = XCConfigurationList;
			buildConfigurations = (
				24FA900715E93D8E00E1ED99 /* Debug */,
				24FA900815E93D8E00E1ED99 /* Release */,
			);
			defaultConfigurationIsVisible = 0;
			defaultConfigurationName = Release;
		};
		24FA900915E93D8E00E1ED99 /* Build configuration list for PBXNativeTarget "DCTAuth" */ = {
			isa = XCConfigurationList;
			buildConfigurations = (
				24FA900A15E93D8E00E1ED99 /* Debug */,
				24FA900B15E93D8E00E1ED99 /* Release */,
			);
			defaultConfigurationIsVisible = 0;
			defaultConfigurationName = Release;
		};
		24FA900C15E93D8E00E1ED99 /* Build configuration list for PBXNativeTarget "DCTAuth Tests" */ = {
			isa = XCConfigurationList;
			buildConfigurations = (
				24FA900D15E93D8E00E1ED99 /* Debug */,
				24FA900E15E93D8E00E1ED99 /* Release */,
			);
			defaultConfigurationIsVisible = 0;
			defaultConfigurationName = Release;
		};
		24FA902515E93E0200E1ED99 /* Build configuration list for PBXNativeTarget "DCTAuth Demo" */ = {
			isa = XCConfigurationList;
			buildConfigurations = (
				24FA902615E93E0200E1ED99 /* Debug */,
				24FA902715E93E0200E1ED99 /* Release */,
			);
			defaultConfigurationIsVisible = 0;
			defaultConfigurationName = Release;
		};
/* End XCConfigurationList section */
	};
	rootObject = 24FA8FDB15E93D8E00E1ED99 /* Project object */;
}
